
Microsoft Visual Studio Solution File, Format Version 12.00
# Visual Studio 15
VisualStudioVersion = 15.0.27130.2024
MinimumVisualStudioVersion = 10.0.40219.1
Project("{8BC9CEB8-8B4A-11D0-8D11-00A0C91BC942}") = "task01", "task01\task01.vcxproj", "{CED563E9-D6A2-424A-8616-2785C834BC0A}"
EndProject
Project("{8BC9CEB8-8B4A-11D0-8D11-00A0C91BC942}") = "task01_tests", "task01\task01_tests\task01_tests.vcxproj", "{DC25EF54-3EB3-4E46-93BE-46B3944FE676}"
EndProject
Project("{8BC9CEB8-8B4A-11D0-8D11-00A0C91BC942}") = "Reverse-Iterators", "Reverse-Iterators\Reverse-Iterators.vcxproj", "{113F85E0-D584-4CD1-A061-7EEDB7E399F6}"
EndProject
Global
	GlobalSection(SolutionConfigurationPlatforms) = preSolution
		Debug|Win32 = Debug|Win32
		Debug|x64 = Debug|x64
		Release|Win32 = Release|Win32
		Release|x64 = Release|x64
	EndGlobalSection
	GlobalSection(ProjectConfigurationPlatforms) = postSolution
		{CED563E9-D6A2-424A-8616-2785C834BC0A}.Debug|Win32.ActiveCfg = Debug|Win32
		{CED563E9-D6A2-424A-8616-2785C834BC0A}.Debug|Win32.Build.0 = Debug|Win32
		{CED563E9-D6A2-424A-8616-2785C834BC0A}.Debug|x64.ActiveCfg = Debug|Win32
		{CED563E9-D6A2-424A-8616-2785C834BC0A}.Release|Win32.ActiveCfg = Release|Win32
		{CED563E9-D6A2-424A-8616-2785C834BC0A}.Release|Win32.Build.0 = Release|Win32
		{CED563E9-D6A2-424A-8616-2785C834BC0A}.Release|x64.ActiveCfg = Release|Win32
		{DC25EF54-3EB3-4E46-93BE-46B3944FE676}.Debug|Win32.ActiveCfg = Debug|Win32
		{DC25EF54-3EB3-4E46-93BE-46B3944FE676}.Debug|Win32.Build.0 = Debug|Win32
		{DC25EF54-3EB3-4E46-93BE-46B3944FE676}.Debug|x64.ActiveCfg = Debug|Win32
		{DC25EF54-3EB3-4E46-93BE-46B3944FE676}.Release|Win32.ActiveCfg = Release|Win32
		{DC25EF54-3EB3-4E46-93BE-46B3944FE676}.Release|Win32.Build.0 = Release|Win32
		{DC25EF54-3EB3-4E46-93BE-46B3944FE676}.Release|x64.ActiveCfg = Release|Win32
		{113F85E0-D584-4CD1-A061-7EEDB7E399F6}.Debug|Win32.ActiveCfg = Debug|Win32
		{113F85E0-D584-4CD1-A061-7EEDB7E399F6}.Debug|Win32.Build.0 = Debug|Win32
		{113F85E0-D584-4CD1-A061-7EEDB7E399F6}.Debug|x64.ActiveCfg = Debug|x64
		{113F85E0-D584-4CD1-A061-7EEDB7E399F6}.Debug|x64.Build.0 = Debug|x64
		{113F85E0-D584-4CD1-A061-7EEDB7E399F6}.Release|Win32.ActiveCfg = Release|Win32
		{113F85E0-D584-4CD1-A061-7EEDB7E399F6}.Release|Win32.Build.0 = Release|Win32
		{113F85E0-D584-4CD1-A061-7EEDB7E399F6}.Release|x64.ActiveCfg = Release|x64
		{113F85E0-D584-4CD1-A061-7EEDB7E399F6}.Release|x64.Build.0 = Release|x64
	EndGlobalSection
	GlobalSection(SolutionProperties) = preSolution
		HideSolutionNode = FALSE
	EndGlobalSection
	GlobalSection(ExtensibilityGlobals) = postSolution
		SolutionGuid = {5087B78D-2B1E-4DC9-B149-288867B165AF}
	EndGlobalSection
EndGlobal
