
Microsoft Visual Studio Solution File, Format Version 12.00
# Visual Studio 15
VisualStudioVersion = 15.0.27130.2024
MinimumVisualStudioVersion = 10.0.40219.1
Project("{8BC9CEB8-8B4A-11D0-8D11-00A0C91BC942}") = "StackUnwinding", "StackUnwinding\StackUnwinding.vcxproj", "{7018681D-1DB2-4A64-A587-7917969B0C34}"
EndProject
Global
	GlobalSection(SolutionConfigurationPlatforms) = preSolution
		Debug|x64 = Debug|x64
		Debug|x86 = Debug|x86
		Release|x64 = Release|x64
		Release|x86 = Release|x86
	EndGlobalSection
	GlobalSection(ProjectConfigurationPlatforms) = postSolution
		{7018681D-1DB2-4A64-A587-7917969B0C34}.Debug|x64.ActiveCfg = Debug|x64
		{7018681D-1DB2-4A64-A587-7917969B0C34}.Debug|x64.Build.0 = Debug|x64
		{7018681D-1DB2-4A64-A587-7917969B0C34}.Debug|x86.ActiveCfg = Debug|Win32
		{7018681D-1DB2-4A64-A587-7917969B0C34}.Debug|x86.Build.0 = Debug|Win32
		{7018681D-1DB2-4A64-A587-7917969B0C34}.Release|x64.ActiveCfg = Release|x64
		{7018681D-1DB2-4A64-A587-7917969B0C34}.Release|x64.Build.0 = Release|x64
		{7018681D-1DB2-4A64-A587-7917969B0C34}.Release|x86.ActiveCfg = Release|Win32
		{7018681D-1DB2-4A64-A587-7917969B0C34}.Release|x86.Build.0 = Release|Win32
	EndGlobalSection
	GlobalSection(SolutionProperties) = preSolution
		HideSolutionNode = FALSE
	EndGlobalSection
	GlobalSection(ExtensibilityGlobals) = postSolution
		SolutionGuid = {252E0A04-B286-4CB3-B722-87D4BFEE0CB8}
	EndGlobalSection
EndGlobal
