
Microsoft Visual Studio Solution File, Format Version 12.00
# Visual Studio 15
VisualStudioVersion = 15.0.28010.2016
MinimumVisualStudioVersion = 10.0.40219.1
Project("{8BC9CEB8-8B4A-11D0-8D11-00A0C91BC942}") = "class_internals", "class_internals\class_internals.vcxproj", "{BA748054-C05F-411C-B255-1F9932A3DD8E}"
EndProject
Project("{8BC9CEB8-8B4A-11D0-8D11-00A0C91BC942}") = "RvalueLvalueMethods", "RvalueLvalueMethods\RvalueLvalueMethods.vcxproj", "{CA171D1C-1414-4709-8F16-7AA83BCB9AB4}"
EndProject
Project("{8BC9CEB8-8B4A-11D0-8D11-00A0C91BC942}") = "class_basics", "class_basics\class_basics.vcxproj", "{81B2949A-B77D-49B5-BA7D-6CFB45515520}"
EndProject
Project("{8BC9CEB8-8B4A-11D0-8D11-00A0C91BC942}") = "static_methods", "static_methods\static_methods.vcxproj", "{BAA48009-C1F6-4580-AFF2-1D4E5C350764}"
EndProject
Project("{8BC9CEB8-8B4A-11D0-8D11-00A0C91BC942}") = "Pimpl", "Pimpl\Pimpl.vcxproj", "{303EA74E-2D83-4329-93C3-8CD0CA185173}"
EndProject
Project("{8BC9CEB8-8B4A-11D0-8D11-00A0C91BC942}") = "constructors", "constructors\constructors.vcxproj", "{CDD2211E-F331-4796-A45D-86B5D6442118}"
EndProject
Project("{8BC9CEB8-8B4A-11D0-8D11-00A0C91BC942}") = "VirtualDestructor", "VirtualDestructor\VirtualDestructor.vcxproj", "{5CC9FF87-031A-4712-88CD-67452FC8405D}"
EndProject
Global
	GlobalSection(SolutionConfigurationPlatforms) = preSolution
		Debug|Win32 = Debug|Win32
		Debug|x64 = Debug|x64
		Release|Win32 = Release|Win32
		Release|x64 = Release|x64
	EndGlobalSection
	GlobalSection(ProjectConfigurationPlatforms) = postSolution
		{BA748054-C05F-411C-B255-1F9932A3DD8E}.Debug|Win32.ActiveCfg = Debug|Win32
		{BA748054-C05F-411C-B255-1F9932A3DD8E}.Debug|Win32.Build.0 = Debug|Win32
		{BA748054-C05F-411C-B255-1F9932A3DD8E}.Debug|x64.ActiveCfg = Debug|Win32
		{BA748054-C05F-411C-B255-1F9932A3DD8E}.Release|Win32.ActiveCfg = Release|Win32
		{BA748054-C05F-411C-B255-1F9932A3DD8E}.Release|Win32.Build.0 = Release|Win32
		{BA748054-C05F-411C-B255-1F9932A3DD8E}.Release|x64.ActiveCfg = Release|Win32
		{CA171D1C-1414-4709-8F16-7AA83BCB9AB4}.Debug|Win32.ActiveCfg = Debug|Win32
		{CA171D1C-1414-4709-8F16-7AA83BCB9AB4}.Debug|Win32.Build.0 = Debug|Win32
		{CA171D1C-1414-4709-8F16-7AA83BCB9AB4}.Debug|x64.ActiveCfg = Debug|x64
		{CA171D1C-1414-4709-8F16-7AA83BCB9AB4}.Debug|x64.Build.0 = Debug|x64
		{CA171D1C-1414-4709-8F16-7AA83BCB9AB4}.Release|Win32.ActiveCfg = Release|Win32
		{CA171D1C-1414-4709-8F16-7AA83BCB9AB4}.Release|Win32.Build.0 = Release|Win32
		{CA171D1C-1414-4709-8F16-7AA83BCB9AB4}.Release|x64.ActiveCfg = Release|x64
		{CA171D1C-1414-4709-8F16-7AA83BCB9AB4}.Release|x64.Build.0 = Release|x64
		{81B2949A-B77D-49B5-BA7D-6CFB45515520}.Debug|Win32.ActiveCfg = Debug|Win32
		{81B2949A-B77D-49B5-BA7D-6CFB45515520}.Debug|Win32.Build.0 = Debug|Win32
		{81B2949A-B77D-49B5-BA7D-6CFB45515520}.Debug|x64.ActiveCfg = Debug|x64
		{81B2949A-B77D-49B5-BA7D-6CFB45515520}.Debug|x64.Build.0 = Debug|x64
		{81B2949A-B77D-49B5-BA7D-6CFB45515520}.Release|Win32.ActiveCfg = Release|Win32
		{81B2949A-B77D-49B5-BA7D-6CFB45515520}.Release|Win32.Build.0 = Release|Win32
		{81B2949A-B77D-49B5-BA7D-6CFB45515520}.Release|x64.ActiveCfg = Release|x64
		{81B2949A-B77D-49B5-BA7D-6CFB45515520}.Release|x64.Build.0 = Release|x64
		{BAA48009-C1F6-4580-AFF2-1D4E5C350764}.Debug|Win32.ActiveCfg = Debug|Win32
		{BAA48009-C1F6-4580-AFF2-1D4E5C350764}.Debug|Win32.Build.0 = Debug|Win32
		{BAA48009-C1F6-4580-AFF2-1D4E5C350764}.Debug|x64.ActiveCfg = Debug|x64
		{BAA48009-C1F6-4580-AFF2-1D4E5C350764}.Debug|x64.Build.0 = Debug|x64
		{BAA48009-C1F6-4580-AFF2-1D4E5C350764}.Release|Win32.ActiveCfg = Release|Win32
		{BAA48009-C1F6-4580-AFF2-1D4E5C350764}.Release|Win32.Build.0 = Release|Win32
		{BAA48009-C1F6-4580-AFF2-1D4E5C350764}.Release|x64.ActiveCfg = Release|x64
		{BAA48009-C1F6-4580-AFF2-1D4E5C350764}.Release|x64.Build.0 = Release|x64
		{303EA74E-2D83-4329-93C3-8CD0CA185173}.Debug|Win32.ActiveCfg = Debug|Win32
		{303EA74E-2D83-4329-93C3-8CD0CA185173}.Debug|Win32.Build.0 = Debug|Win32
		{303EA74E-2D83-4329-93C3-8CD0CA185173}.Debug|x64.ActiveCfg = Debug|x64
		{303EA74E-2D83-4329-93C3-8CD0CA185173}.Debug|x64.Build.0 = Debug|x64
		{303EA74E-2D83-4329-93C3-8CD0CA185173}.Release|Win32.ActiveCfg = Release|Win32
		{303EA74E-2D83-4329-93C3-8CD0CA185173}.Release|Win32.Build.0 = Release|Win32
		{303EA74E-2D83-4329-93C3-8CD0CA185173}.Release|x64.ActiveCfg = Release|x64
		{303EA74E-2D83-4329-93C3-8CD0CA185173}.Release|x64.Build.0 = Release|x64
		{CDD2211E-F331-4796-A45D-86B5D6442118}.Debug|Win32.ActiveCfg = Debug|Win32
		{CDD2211E-F331-4796-A45D-86B5D6442118}.Debug|Win32.Build.0 = Debug|Win32
		{CDD2211E-F331-4796-A45D-86B5D6442118}.Debug|x64.ActiveCfg = Debug|x64
		{CDD2211E-F331-4796-A45D-86B5D6442118}.Debug|x64.Build.0 = Debug|x64
		{CDD2211E-F331-4796-A45D-86B5D6442118}.Release|Win32.ActiveCfg = Release|Win32
		{CDD2211E-F331-4796-A45D-86B5D6442118}.Release|Win32.Build.0 = Release|Win32
		{CDD2211E-F331-4796-A45D-86B5D6442118}.Release|x64.ActiveCfg = Release|x64
		{CDD2211E-F331-4796-A45D-86B5D6442118}.Release|x64.Build.0 = Release|x64
		{5CC9FF87-031A-4712-88CD-67452FC8405D}.Debug|Win32.ActiveCfg = Debug|Win32
		{5CC9FF87-031A-4712-88CD-67452FC8405D}.Debug|Win32.Build.0 = Debug|Win32
		{5CC9FF87-031A-4712-88CD-67452FC8405D}.Debug|x64.ActiveCfg = Debug|x64
		{5CC9FF87-031A-4712-88CD-67452FC8405D}.Debug|x64.Build.0 = Debug|x64
		{5CC9FF87-031A-4712-88CD-67452FC8405D}.Release|Win32.ActiveCfg = Release|Win32
		{5CC9FF87-031A-4712-88CD-67452FC8405D}.Release|Win32.Build.0 = Release|Win32
		{5CC9FF87-031A-4712-88CD-67452FC8405D}.Release|x64.ActiveCfg = Release|x64
		{5CC9FF87-031A-4712-88CD-67452FC8405D}.Release|x64.Build.0 = Release|x64
	EndGlobalSection
	GlobalSection(SolutionProperties) = preSolution
		HideSolutionNode = FALSE
	EndGlobalSection
	GlobalSection(ExtensibilityGlobals) = postSolution
		SolutionGuid = {CDAB6F30-4193-4C57-A806-9EEE99097F9D}
	EndGlobalSection
EndGlobal
