
Microsoft Visual Studio Solution File, Format Version 12.00
# Visual Studio Version 16
VisualStudioVersion = 16.0.29806.167
MinimumVisualStudioVersion = 10.0.40219.1
Project("{8BC9CEB8-8B4A-11D0-8D11-00A0C91BC942}") = "StringReverser", "StringReverser\StringReverser.vcxproj", "{E54D091E-47E4-4231-9F51-1ADFFBDFC5D5}"
EndProject
Project("{8BC9CEB8-8B4A-11D0-8D11-00A0C91BC942}") = "StringReverser_tests", "StringReverser_tests\StringReverser_tests.vcxproj", "{F0367E37-EA49-4462-A289-7827049F8922}"
EndProject
Global
	GlobalSection(SolutionConfigurationPlatforms) = preSolution
		Debug|x64 = Debug|x64
		Debug|x86 = Debug|x86
		Release|x64 = Release|x64
		Release|x86 = Release|x86
	EndGlobalSection
	GlobalSection(ProjectConfigurationPlatforms) = postSolution
		{E54D091E-47E4-4231-9F51-1ADFFBDFC5D5}.Debug|x64.ActiveCfg = Debug|x64
		{E54D091E-47E4-4231-9F51-1ADFFBDFC5D5}.Debug|x64.Build.0 = Debug|x64
		{E54D091E-47E4-4231-9F51-1ADFFBDFC5D5}.Debug|x86.ActiveCfg = Debug|Win32
		{E54D091E-47E4-4231-9F51-1ADFFBDFC5D5}.Debug|x86.Build.0 = Debug|Win32
		{E54D091E-47E4-4231-9F51-1ADFFBDFC5D5}.Release|x64.ActiveCfg = Release|x64
		{E54D091E-47E4-4231-9F51-1ADFFBDFC5D5}.Release|x64.Build.0 = Release|x64
		{E54D091E-47E4-4231-9F51-1ADFFBDFC5D5}.Release|x86.ActiveCfg = Release|Win32
		{E54D091E-47E4-4231-9F51-1ADFFBDFC5D5}.Release|x86.Build.0 = Release|Win32
		{F0367E37-EA49-4462-A289-7827049F8922}.Debug|x64.ActiveCfg = Debug|x64
		{F0367E37-EA49-4462-A289-7827049F8922}.Debug|x64.Build.0 = Debug|x64
		{F0367E37-EA49-4462-A289-7827049F8922}.Debug|x86.ActiveCfg = Debug|Win32
		{F0367E37-EA49-4462-A289-7827049F8922}.Debug|x86.Build.0 = Debug|Win32
		{F0367E37-EA49-4462-A289-7827049F8922}.Release|x64.ActiveCfg = Release|x64
		{F0367E37-EA49-4462-A289-7827049F8922}.Release|x64.Build.0 = Release|x64
		{F0367E37-EA49-4462-A289-7827049F8922}.Release|x86.ActiveCfg = Release|Win32
		{F0367E37-EA49-4462-A289-7827049F8922}.Release|x86.Build.0 = Release|Win32
	EndGlobalSection
	GlobalSection(SolutionProperties) = preSolution
		HideSolutionNode = FALSE
	EndGlobalSection
	GlobalSection(ExtensibilityGlobals) = postSolution
		SolutionGuid = {0A7D42DF-23FF-4254-AC47-8039B4EABDEB}
	EndGlobalSection
EndGlobal
