
Microsoft Visual Studio Solution File, Format Version 12.00
# Visual Studio 15
VisualStudioVersion = 15.0.28010.2016
MinimumVisualStudioVersion = 10.0.40219.1
Project("{8BC9CEB8-8B4A-11D0-8D11-00A0C91BC942}") = "BubbleSort", "BubbleSort\BubbleSort.vcxproj", "{D586D842-89EF-4A2D-8666-846BFC287B6D}"
EndProject
Project("{8BC9CEB8-8B4A-11D0-8D11-00A0C91BC942}") = "Accumulate", "Accumulate\Accumulate.vcxproj", "{8F8FB994-1582-4E0B-B355-6D1BCA992697}"
EndProject
Project("{8BC9CEB8-8B4A-11D0-8D11-00A0C91BC942}") = "variadic_templates", "variadic_templates\variadic_templates.vcxproj", "{342CC91A-7F09-434C-B69C-452BC11D2A6B}"
EndProject
Project("{8BC9CEB8-8B4A-11D0-8D11-00A0C91BC942}") = "Debounce", "Debounce\Debounce.vcxproj", "{43DA71CC-3EB2-46D5-BA6E-E917EDC37584}"
EndProject
Project("{8BC9CEB8-8B4A-11D0-8D11-00A0C91BC942}") = "PascalTriangle", "PascalTriangle\PascalTriangle.vcxproj", "{59565D03-4C1F-4190-BBE1-ED5604DED1C6}"
EndProject
Project("{8BC9CEB8-8B4A-11D0-8D11-00A0C91BC942}") = "template_operator", "template_operator\template_operator.vcxproj", "{01BDBB84-98F7-44D9-B84D-683F01F9B324}"
EndProject
Global
	GlobalSection(SolutionConfigurationPlatforms) = preSolution
		Debug|Win32 = Debug|Win32
		Debug|x64 = Debug|x64
		Release|Win32 = Release|Win32
		Release|x64 = Release|x64
	EndGlobalSection
	GlobalSection(ProjectConfigurationPlatforms) = postSolution
		{D586D842-89EF-4A2D-8666-846BFC287B6D}.Debug|Win32.ActiveCfg = Debug|Win32
		{D586D842-89EF-4A2D-8666-846BFC287B6D}.Debug|Win32.Build.0 = Debug|Win32
		{D586D842-89EF-4A2D-8666-846BFC287B6D}.Debug|x64.ActiveCfg = Debug|Win32
		{D586D842-89EF-4A2D-8666-846BFC287B6D}.Release|Win32.ActiveCfg = Release|Win32
		{D586D842-89EF-4A2D-8666-846BFC287B6D}.Release|Win32.Build.0 = Release|Win32
		{D586D842-89EF-4A2D-8666-846BFC287B6D}.Release|x64.ActiveCfg = Release|Win32
		{8F8FB994-1582-4E0B-B355-6D1BCA992697}.Debug|Win32.ActiveCfg = Debug|Win32
		{8F8FB994-1582-4E0B-B355-6D1BCA992697}.Debug|Win32.Build.0 = Debug|Win32
		{8F8FB994-1582-4E0B-B355-6D1BCA992697}.Debug|x64.ActiveCfg = Debug|Win32
		{8F8FB994-1582-4E0B-B355-6D1BCA992697}.Release|Win32.ActiveCfg = Release|Win32
		{8F8FB994-1582-4E0B-B355-6D1BCA992697}.Release|Win32.Build.0 = Release|Win32
		{8F8FB994-1582-4E0B-B355-6D1BCA992697}.Release|x64.ActiveCfg = Release|Win32
		{342CC91A-7F09-434C-B69C-452BC11D2A6B}.Debug|Win32.ActiveCfg = Debug|Win32
		{342CC91A-7F09-434C-B69C-452BC11D2A6B}.Debug|Win32.Build.0 = Debug|Win32
		{342CC91A-7F09-434C-B69C-452BC11D2A6B}.Debug|x64.ActiveCfg = Debug|x64
		{342CC91A-7F09-434C-B69C-452BC11D2A6B}.Debug|x64.Build.0 = Debug|x64
		{342CC91A-7F09-434C-B69C-452BC11D2A6B}.Release|Win32.ActiveCfg = Release|Win32
		{342CC91A-7F09-434C-B69C-452BC11D2A6B}.Release|Win32.Build.0 = Release|Win32
		{342CC91A-7F09-434C-B69C-452BC11D2A6B}.Release|x64.ActiveCfg = Release|x64
		{342CC91A-7F09-434C-B69C-452BC11D2A6B}.Release|x64.Build.0 = Release|x64
		{43DA71CC-3EB2-46D5-BA6E-E917EDC37584}.Debug|Win32.ActiveCfg = Debug|Win32
		{43DA71CC-3EB2-46D5-BA6E-E917EDC37584}.Debug|Win32.Build.0 = Debug|Win32
		{43DA71CC-3EB2-46D5-BA6E-E917EDC37584}.Debug|x64.ActiveCfg = Debug|x64
		{43DA71CC-3EB2-46D5-BA6E-E917EDC37584}.Debug|x64.Build.0 = Debug|x64
		{43DA71CC-3EB2-46D5-BA6E-E917EDC37584}.Release|Win32.ActiveCfg = Release|Win32
		{43DA71CC-3EB2-46D5-BA6E-E917EDC37584}.Release|Win32.Build.0 = Release|Win32
		{43DA71CC-3EB2-46D5-BA6E-E917EDC37584}.Release|x64.ActiveCfg = Release|x64
		{43DA71CC-3EB2-46D5-BA6E-E917EDC37584}.Release|x64.Build.0 = Release|x64
		{59565D03-4C1F-4190-BBE1-ED5604DED1C6}.Debug|Win32.ActiveCfg = Debug|Win32
		{59565D03-4C1F-4190-BBE1-ED5604DED1C6}.Debug|Win32.Build.0 = Debug|Win32
		{59565D03-4C1F-4190-BBE1-ED5604DED1C6}.Debug|x64.ActiveCfg = Debug|x64
		{59565D03-4C1F-4190-BBE1-ED5604DED1C6}.Debug|x64.Build.0 = Debug|x64
		{59565D03-4C1F-4190-BBE1-ED5604DED1C6}.Release|Win32.ActiveCfg = Release|Win32
		{59565D03-4C1F-4190-BBE1-ED5604DED1C6}.Release|Win32.Build.0 = Release|Win32
		{59565D03-4C1F-4190-BBE1-ED5604DED1C6}.Release|x64.ActiveCfg = Release|x64
		{59565D03-4C1F-4190-BBE1-ED5604DED1C6}.Release|x64.Build.0 = Release|x64
		{01BDBB84-98F7-44D9-B84D-683F01F9B324}.Debug|Win32.ActiveCfg = Debug|Win32
		{01BDBB84-98F7-44D9-B84D-683F01F9B324}.Debug|Win32.Build.0 = Debug|Win32
		{01BDBB84-98F7-44D9-B84D-683F01F9B324}.Debug|x64.ActiveCfg = Debug|x64
		{01BDBB84-98F7-44D9-B84D-683F01F9B324}.Debug|x64.Build.0 = Debug|x64
		{01BDBB84-98F7-44D9-B84D-683F01F9B324}.Release|Win32.ActiveCfg = Release|Win32
		{01BDBB84-98F7-44D9-B84D-683F01F9B324}.Release|Win32.Build.0 = Release|Win32
		{01BDBB84-98F7-44D9-B84D-683F01F9B324}.Release|x64.ActiveCfg = Release|x64
		{01BDBB84-98F7-44D9-B84D-683F01F9B324}.Release|x64.Build.0 = Release|x64
	EndGlobalSection
	GlobalSection(SolutionProperties) = preSolution
		HideSolutionNode = FALSE
	EndGlobalSection
	GlobalSection(ExtensibilityGlobals) = postSolution
		SolutionGuid = {527FFC6B-64BE-44DB-8F71-180FF371792F}
	EndGlobalSection
EndGlobal
