
Microsoft Visual Studio Solution File, Format Version 12.00
# Visual Studio 14
VisualStudioVersion = 14.0.25420.1
MinimumVisualStudioVersion = 10.0.40219.1
Project("{8BC9CEB8-8B4A-11D0-8D11-00A0C91BC942}") = "class_internals_2", "class_internals_2\class_internals_2.vcxproj", "{3DBE5A68-3FC7-4760-8808-CE8504EEA19E}"
EndProject
Project("{8BC9CEB8-8B4A-11D0-8D11-00A0C91BC942}") = "polymorphysm", "polymorphysm\polymorphysm.vcxproj", "{9CB01BFD-5513-468E-89C4-489E6E144A65}"
EndProject
Project("{8BC9CEB8-8B4A-11D0-8D11-00A0C91BC942}") = "pure_virtual_function_call", "pure_virtual_function_call\pure_virtual_function_call.vcxproj", "{0A40D84F-88F9-429C-8911-D6330CDF3E89}"
EndProject
Project("{8BC9CEB8-8B4A-11D0-8D11-00A0C91BC942}") = "virtual_destructor", "virtual_destructor\virtual_destructor.vcxproj", "{C2D035E3-63D9-4E67-BD97-838DF62159D3}"
EndProject
Project("{8BC9CEB8-8B4A-11D0-8D11-00A0C91BC942}") = "final", "final\final.vcxproj", "{E68B668C-0976-4C79-9780-94F4542C734C}"
EndProject
Global
	GlobalSection(SolutionConfigurationPlatforms) = preSolution
		Debug|Win32 = Debug|Win32
		Debug|x64 = Debug|x64
		Release|Win32 = Release|Win32
		Release|x64 = Release|x64
	EndGlobalSection
	GlobalSection(ProjectConfigurationPlatforms) = postSolution
		{3DBE5A68-3FC7-4760-8808-CE8504EEA19E}.Debug|Win32.ActiveCfg = Debug|Win32
		{3DBE5A68-3FC7-4760-8808-CE8504EEA19E}.Debug|Win32.Build.0 = Debug|Win32
		{3DBE5A68-3FC7-4760-8808-CE8504EEA19E}.Debug|x64.ActiveCfg = Debug|Win32
		{3DBE5A68-3FC7-4760-8808-CE8504EEA19E}.Release|Win32.ActiveCfg = Release|Win32
		{3DBE5A68-3FC7-4760-8808-CE8504EEA19E}.Release|Win32.Build.0 = Release|Win32
		{3DBE5A68-3FC7-4760-8808-CE8504EEA19E}.Release|x64.ActiveCfg = Release|Win32
		{9CB01BFD-5513-468E-89C4-489E6E144A65}.Debug|Win32.ActiveCfg = Debug|Win32
		{9CB01BFD-5513-468E-89C4-489E6E144A65}.Debug|Win32.Build.0 = Debug|Win32
		{9CB01BFD-5513-468E-89C4-489E6E144A65}.Debug|x64.ActiveCfg = Debug|Win32
		{9CB01BFD-5513-468E-89C4-489E6E144A65}.Release|Win32.ActiveCfg = Release|Win32
		{9CB01BFD-5513-468E-89C4-489E6E144A65}.Release|Win32.Build.0 = Release|Win32
		{9CB01BFD-5513-468E-89C4-489E6E144A65}.Release|x64.ActiveCfg = Release|Win32
		{0A40D84F-88F9-429C-8911-D6330CDF3E89}.Debug|Win32.ActiveCfg = Debug|Win32
		{0A40D84F-88F9-429C-8911-D6330CDF3E89}.Debug|Win32.Build.0 = Debug|Win32
		{0A40D84F-88F9-429C-8911-D6330CDF3E89}.Debug|x64.ActiveCfg = Debug|Win32
		{0A40D84F-88F9-429C-8911-D6330CDF3E89}.Release|Win32.ActiveCfg = Release|Win32
		{0A40D84F-88F9-429C-8911-D6330CDF3E89}.Release|Win32.Build.0 = Release|Win32
		{0A40D84F-88F9-429C-8911-D6330CDF3E89}.Release|x64.ActiveCfg = Release|Win32
		{C2D035E3-63D9-4E67-BD97-838DF62159D3}.Debug|Win32.ActiveCfg = Debug|Win32
		{C2D035E3-63D9-4E67-BD97-838DF62159D3}.Debug|Win32.Build.0 = Debug|Win32
		{C2D035E3-63D9-4E67-BD97-838DF62159D3}.Debug|x64.ActiveCfg = Debug|x64
		{C2D035E3-63D9-4E67-BD97-838DF62159D3}.Debug|x64.Build.0 = Debug|x64
		{C2D035E3-63D9-4E67-BD97-838DF62159D3}.Release|Win32.ActiveCfg = Release|Win32
		{C2D035E3-63D9-4E67-BD97-838DF62159D3}.Release|Win32.Build.0 = Release|Win32
		{C2D035E3-63D9-4E67-BD97-838DF62159D3}.Release|x64.ActiveCfg = Release|x64
		{C2D035E3-63D9-4E67-BD97-838DF62159D3}.Release|x64.Build.0 = Release|x64
		{E68B668C-0976-4C79-9780-94F4542C734C}.Debug|Win32.ActiveCfg = Debug|Win32
		{E68B668C-0976-4C79-9780-94F4542C734C}.Debug|Win32.Build.0 = Debug|Win32
		{E68B668C-0976-4C79-9780-94F4542C734C}.Debug|x64.ActiveCfg = Debug|x64
		{E68B668C-0976-4C79-9780-94F4542C734C}.Debug|x64.Build.0 = Debug|x64
		{E68B668C-0976-4C79-9780-94F4542C734C}.Release|Win32.ActiveCfg = Release|Win32
		{E68B668C-0976-4C79-9780-94F4542C734C}.Release|Win32.Build.0 = Release|Win32
		{E68B668C-0976-4C79-9780-94F4542C734C}.Release|x64.ActiveCfg = Release|x64
		{E68B668C-0976-4C79-9780-94F4542C734C}.Release|x64.Build.0 = Release|x64
	EndGlobalSection
	GlobalSection(SolutionProperties) = preSolution
		HideSolutionNode = FALSE
	EndGlobalSection
EndGlobal
