
Microsoft Visual Studio Solution File, Format Version 12.00
# Visual Studio 15
VisualStudioVersion = 15.0.27130.2024
MinimumVisualStudioVersion = 10.0.40219.1
Project("{8BC9CEB8-8B4A-11D0-8D11-00A0C91BC942}") = "CopyFile", "CopyFile\CopyFile.vcxproj", "{F545A7E4-1A87-4523-9FDE-21C197DB7921}"
EndProject
Project("{8BC9CEB8-8B4A-11D0-8D11-00A0C91BC942}") = "FindText", "FindText\FindText.vcxproj", "{FECA454F-7CBE-4D0F-BEE6-C06F0B25B3F9}"
EndProject
Project("{8BC9CEB8-8B4A-11D0-8D11-00A0C91BC942}") = "Replace", "Replace\Replace.vcxproj", "{27536BA2-EEE2-4BB3-BC77-52C4E22AA99C}"
EndProject
Global
	GlobalSection(SolutionConfigurationPlatforms) = preSolution
		Debug|Win32 = Debug|Win32
		Debug|x64 = Debug|x64
		Release|Win32 = Release|Win32
		Release|x64 = Release|x64
	EndGlobalSection
	GlobalSection(ProjectConfigurationPlatforms) = postSolution
		{F545A7E4-1A87-4523-9FDE-21C197DB7921}.Debug|Win32.ActiveCfg = Debug|Win32
		{F545A7E4-1A87-4523-9FDE-21C197DB7921}.Debug|Win32.Build.0 = Debug|Win32
		{F545A7E4-1A87-4523-9FDE-21C197DB7921}.Debug|x64.ActiveCfg = Debug|Win32
		{F545A7E4-1A87-4523-9FDE-21C197DB7921}.Release|Win32.ActiveCfg = Release|Win32
		{F545A7E4-1A87-4523-9FDE-21C197DB7921}.Release|Win32.Build.0 = Release|Win32
		{F545A7E4-1A87-4523-9FDE-21C197DB7921}.Release|x64.ActiveCfg = Release|Win32
		{FECA454F-7CBE-4D0F-BEE6-C06F0B25B3F9}.Debug|Win32.ActiveCfg = Debug|Win32
		{FECA454F-7CBE-4D0F-BEE6-C06F0B25B3F9}.Debug|Win32.Build.0 = Debug|Win32
		{FECA454F-7CBE-4D0F-BEE6-C06F0B25B3F9}.Debug|x64.ActiveCfg = Debug|x64
		{FECA454F-7CBE-4D0F-BEE6-C06F0B25B3F9}.Debug|x64.Build.0 = Debug|x64
		{FECA454F-7CBE-4D0F-BEE6-C06F0B25B3F9}.Release|Win32.ActiveCfg = Release|Win32
		{FECA454F-7CBE-4D0F-BEE6-C06F0B25B3F9}.Release|Win32.Build.0 = Release|Win32
		{FECA454F-7CBE-4D0F-BEE6-C06F0B25B3F9}.Release|x64.ActiveCfg = Release|x64
		{FECA454F-7CBE-4D0F-BEE6-C06F0B25B3F9}.Release|x64.Build.0 = Release|x64
		{27536BA2-EEE2-4BB3-BC77-52C4E22AA99C}.Debug|Win32.ActiveCfg = Debug|Win32
		{27536BA2-EEE2-4BB3-BC77-52C4E22AA99C}.Debug|Win32.Build.0 = Debug|Win32
		{27536BA2-EEE2-4BB3-BC77-52C4E22AA99C}.Debug|x64.ActiveCfg = Debug|x64
		{27536BA2-EEE2-4BB3-BC77-52C4E22AA99C}.Debug|x64.Build.0 = Debug|x64
		{27536BA2-EEE2-4BB3-BC77-52C4E22AA99C}.Release|Win32.ActiveCfg = Release|Win32
		{27536BA2-EEE2-4BB3-BC77-52C4E22AA99C}.Release|Win32.Build.0 = Release|Win32
		{27536BA2-EEE2-4BB3-BC77-52C4E22AA99C}.Release|x64.ActiveCfg = Release|x64
		{27536BA2-EEE2-4BB3-BC77-52C4E22AA99C}.Release|x64.Build.0 = Release|x64
	EndGlobalSection
	GlobalSection(SolutionProperties) = preSolution
		HideSolutionNode = FALSE
	EndGlobalSection
	GlobalSection(ExtensibilityGlobals) = postSolution
		SolutionGuid = {01791213-5AD3-42DE-AB12-9621D46CFB94}
	EndGlobalSection
EndGlobal
