
Microsoft Visual Studio Solution File, Format Version 12.00
# Visual Studio 15
VisualStudioVersion = 15.0.28010.2016
MinimumVisualStudioVersion = 10.0.40219.1
Project("{8BC9CEB8-8B4A-11D0-8D11-00A0C91BC942}") = "variables", "variables\variables.vcxproj", "{EDF554B1-8D24-4A13-AE48-7992AB0A2775}"
EndProject
Project("{8BC9CEB8-8B4A-11D0-8D11-00A0C91BC942}") = "structures", "structures\structures.vcxproj", "{A81F077F-5CB5-47B6-A76B-ADBD9F413903}"
EndProject
Project("{8BC9CEB8-8B4A-11D0-8D11-00A0C91BC942}") = "loops", "loops\loops.vcxproj", "{D266A2E9-7EE2-4B87-8B7F-3AF820AE502E}"
EndProject
Project("{8BC9CEB8-8B4A-11D0-8D11-00A0C91BC942}") = "input-output", "input-output\input-output.vcxproj", "{FE0DE0AF-C4EC-49A0-9885-2FCEE9B42BAB}"
EndProject
Project("{8BC9CEB8-8B4A-11D0-8D11-00A0C91BC942}") = "read-buffer", "read-buffer\read-buffer.vcxproj", "{00EC0EDC-D4E3-483F-B234-3842C1EC4B8B}"
EndProject
Project("{8BC9CEB8-8B4A-11D0-8D11-00A0C91BC942}") = "numeric-string-conversion", "numeric-string-conversion\numeric-string-conversion.vcxproj", "{F0B0681B-0FAD-4966-96F7-4827F4AF3EB0}"
EndProject
Project("{8BC9CEB8-8B4A-11D0-8D11-00A0C91BC942}") = "hello-world", "hello-world\hello-world.vcxproj", "{BA4C1556-1F5F-495F-8675-6707DB6C9011}"
EndProject
Project("{8BC9CEB8-8B4A-11D0-8D11-00A0C91BC942}") = "literals", "literals\literals.vcxproj", "{DE674CD0-316A-469E-8C9D-847C2971A32B}"
EndProject
Project("{8BC9CEB8-8B4A-11D0-8D11-00A0C91BC942}") = "primitive-data-types", "primitive-data-types\primitive-data-types.vcxproj", "{11594BA9-9B30-4075-A73C-2C8BDDC2A53D}"
EndProject
Project("{8BC9CEB8-8B4A-11D0-8D11-00A0C91BC942}") = "unions", "unions\unions.vcxproj", "{06202F10-137B-40F0-B16F-AB9138436547}"
EndProject
Project("{8BC9CEB8-8B4A-11D0-8D11-00A0C91BC942}") = "uniqueptr", "uniqueptr\uniqueptr.vcxproj", "{69550641-DB19-495F-AC03-760CBFE32ECB}"
EndProject
Project("{2150E333-8FDC-42A3-9474-1A3956D46DE8}") = "Memory", "Memory", "{E9EBAAD8-DDF1-42B5-8E49-037E59932C0B}"
EndProject
Project("{8BC9CEB8-8B4A-11D0-8D11-00A0C91BC942}") = "placement-new", "placement-new\placement-new.vcxproj", "{CA0E0E95-3EEE-4FD4-AD6D-2DE937AFA31B}"
EndProject
Project("{8BC9CEB8-8B4A-11D0-8D11-00A0C91BC942}") = "JoinStrings", "string-joiner\JoinStrings.vcxproj", "{FD117DA6-1332-4CF9-AF9C-5749A2CF9DBD}"
EndProject
Project("{8BC9CEB8-8B4A-11D0-8D11-00A0C91BC942}") = "arrays", "arrays\arrays.vcxproj", "{2BC2552A-3C74-4275-9A0F-358686DE5E05}"
EndProject
Project("{8BC9CEB8-8B4A-11D0-8D11-00A0C91BC942}") = "multi_dimensional_arrays", "multi_dimensional_arrays\multi_dimensional_arrays.vcxproj", "{98F05433-7295-49F8-92DB-7980C3B748B4}"
EndProject
Project("{2150E333-8FDC-42A3-9474-1A3956D46DE8}") = "Data Types and variables", "Data Types and variables", "{C74FB830-DCD2-4CB1-A1A8-F95A9C48B6AE}"
EndProject
Project("{2150E333-8FDC-42A3-9474-1A3956D46DE8}") = "Language Constructs", "Language Constructs", "{0C01B2E2-DEA3-4603-8FDA-A4EC25405868}"
EndProject
Project("{2150E333-8FDC-42A3-9474-1A3956D46DE8}") = "Misc", "Misc", "{AF896B69-EBA7-4204-A392-3BE0682F1615}"
EndProject
Project("{8BC9CEB8-8B4A-11D0-8D11-00A0C91BC942}") = "CalcSymbols", "CalcSymbols\CalcSymbols.vcxproj", "{1D90A923-0614-4FBC-B343-91C64D5D19F1}"
EndProject
Project("{8BC9CEB8-8B4A-11D0-8D11-00A0C91BC942}") = "switch-case", "switch-case\switch-case.vcxproj", "{C19C0EFE-36AB-41E4-9089-D7B3D5A7B03C}"
EndProject
Project("{8BC9CEB8-8B4A-11D0-8D11-00A0C91BC942}") = "stream-moving", "stream-moving\stream-moving.vcxproj", "{364D2A1B-F481-415F-BA7E-C41DC472EA0A}"
EndProject
Project("{8BC9CEB8-8B4A-11D0-8D11-00A0C91BC942}") = "lambdas", "lambdas\lambdas.vcxproj", "{FB0E41CC-4A31-4BC0-9244-C65603D98EB1}"
EndProject
Project("{8BC9CEB8-8B4A-11D0-8D11-00A0C91BC942}") = "sharedptr", "sharedptr\sharedptr.vcxproj", "{9FD59C9A-2CF7-4E8A-BE2B-4A17317323C9}"
EndProject
Project("{8BC9CEB8-8B4A-11D0-8D11-00A0C91BC942}") = "locales", "locales\locales.vcxproj", "{D6BA9701-5503-4474-BD8D-2E9A8A21F309}"
EndProject
Project("{8BC9CEB8-8B4A-11D0-8D11-00A0C91BC942}") = "SayHello", "SayHello\SayHello.vcxproj", "{973409C2-504C-4115-BACF-79DFD31CE6E5}"
EndProject
Global
	GlobalSection(SolutionConfigurationPlatforms) = preSolution
		Debug|Win32 = Debug|Win32
		Debug|x64 = Debug|x64
		Release|Win32 = Release|Win32
		Release|x64 = Release|x64
	EndGlobalSection
	GlobalSection(ProjectConfigurationPlatforms) = postSolution
		{EDF554B1-8D24-4A13-AE48-7992AB0A2775}.Debug|Win32.ActiveCfg = Debug|Win32
		{EDF554B1-8D24-4A13-AE48-7992AB0A2775}.Debug|Win32.Build.0 = Debug|Win32
		{EDF554B1-8D24-4A13-AE48-7992AB0A2775}.Debug|x64.ActiveCfg = Debug|Win32
		{EDF554B1-8D24-4A13-AE48-7992AB0A2775}.Release|Win32.ActiveCfg = Release|Win32
		{EDF554B1-8D24-4A13-AE48-7992AB0A2775}.Release|Win32.Build.0 = Release|Win32
		{EDF554B1-8D24-4A13-AE48-7992AB0A2775}.Release|x64.ActiveCfg = Release|Win32
		{A81F077F-5CB5-47B6-A76B-ADBD9F413903}.Debug|Win32.ActiveCfg = Debug|Win32
		{A81F077F-5CB5-47B6-A76B-ADBD9F413903}.Debug|Win32.Build.0 = Debug|Win32
		{A81F077F-5CB5-47B6-A76B-ADBD9F413903}.Debug|x64.ActiveCfg = Debug|Win32
		{A81F077F-5CB5-47B6-A76B-ADBD9F413903}.Release|Win32.ActiveCfg = Release|Win32
		{A81F077F-5CB5-47B6-A76B-ADBD9F413903}.Release|Win32.Build.0 = Release|Win32
		{A81F077F-5CB5-47B6-A76B-ADBD9F413903}.Release|x64.ActiveCfg = Release|Win32
		{D266A2E9-7EE2-4B87-8B7F-3AF820AE502E}.Debug|Win32.ActiveCfg = Debug|Win32
		{D266A2E9-7EE2-4B87-8B7F-3AF820AE502E}.Debug|Win32.Build.0 = Debug|Win32
		{D266A2E9-7EE2-4B87-8B7F-3AF820AE502E}.Debug|x64.ActiveCfg = Debug|Win32
		{D266A2E9-7EE2-4B87-8B7F-3AF820AE502E}.Release|Win32.ActiveCfg = Release|Win32
		{D266A2E9-7EE2-4B87-8B7F-3AF820AE502E}.Release|Win32.Build.0 = Release|Win32
		{D266A2E9-7EE2-4B87-8B7F-3AF820AE502E}.Release|x64.ActiveCfg = Release|Win32
		{FE0DE0AF-C4EC-49A0-9885-2FCEE9B42BAB}.Debug|Win32.ActiveCfg = Debug|Win32
		{FE0DE0AF-C4EC-49A0-9885-2FCEE9B42BAB}.Debug|Win32.Build.0 = Debug|Win32
		{FE0DE0AF-C4EC-49A0-9885-2FCEE9B42BAB}.Debug|x64.ActiveCfg = Debug|Win32
		{FE0DE0AF-C4EC-49A0-9885-2FCEE9B42BAB}.Release|Win32.ActiveCfg = Release|Win32
		{FE0DE0AF-C4EC-49A0-9885-2FCEE9B42BAB}.Release|Win32.Build.0 = Release|Win32
		{FE0DE0AF-C4EC-49A0-9885-2FCEE9B42BAB}.Release|x64.ActiveCfg = Release|Win32
		{00EC0EDC-D4E3-483F-B234-3842C1EC4B8B}.Debug|Win32.ActiveCfg = Debug|Win32
		{00EC0EDC-D4E3-483F-B234-3842C1EC4B8B}.Debug|Win32.Build.0 = Debug|Win32
		{00EC0EDC-D4E3-483F-B234-3842C1EC4B8B}.Debug|x64.ActiveCfg = Debug|Win32
		{00EC0EDC-D4E3-483F-B234-3842C1EC4B8B}.Release|Win32.ActiveCfg = Release|Win32
		{00EC0EDC-D4E3-483F-B234-3842C1EC4B8B}.Release|Win32.Build.0 = Release|Win32
		{00EC0EDC-D4E3-483F-B234-3842C1EC4B8B}.Release|x64.ActiveCfg = Release|Win32
		{F0B0681B-0FAD-4966-96F7-4827F4AF3EB0}.Debug|Win32.ActiveCfg = Debug|Win32
		{F0B0681B-0FAD-4966-96F7-4827F4AF3EB0}.Debug|Win32.Build.0 = Debug|Win32
		{F0B0681B-0FAD-4966-96F7-4827F4AF3EB0}.Debug|x64.ActiveCfg = Debug|Win32
		{F0B0681B-0FAD-4966-96F7-4827F4AF3EB0}.Release|Win32.ActiveCfg = Release|Win32
		{F0B0681B-0FAD-4966-96F7-4827F4AF3EB0}.Release|Win32.Build.0 = Release|Win32
		{F0B0681B-0FAD-4966-96F7-4827F4AF3EB0}.Release|x64.ActiveCfg = Release|Win32
		{BA4C1556-1F5F-495F-8675-6707DB6C9011}.Debug|Win32.ActiveCfg = Debug|Win32
		{BA4C1556-1F5F-495F-8675-6707DB6C9011}.Debug|Win32.Build.0 = Debug|Win32
		{BA4C1556-1F5F-495F-8675-6707DB6C9011}.Debug|x64.ActiveCfg = Debug|Win32
		{BA4C1556-1F5F-495F-8675-6707DB6C9011}.Release|Win32.ActiveCfg = Release|Win32
		{BA4C1556-1F5F-495F-8675-6707DB6C9011}.Release|Win32.Build.0 = Release|Win32
		{BA4C1556-1F5F-495F-8675-6707DB6C9011}.Release|x64.ActiveCfg = Release|Win32
		{DE674CD0-316A-469E-8C9D-847C2971A32B}.Debug|Win32.ActiveCfg = Debug|Win32
		{DE674CD0-316A-469E-8C9D-847C2971A32B}.Debug|Win32.Build.0 = Debug|Win32
		{DE674CD0-316A-469E-8C9D-847C2971A32B}.Debug|x64.ActiveCfg = Debug|Win32
		{DE674CD0-316A-469E-8C9D-847C2971A32B}.Release|Win32.ActiveCfg = Release|Win32
		{DE674CD0-316A-469E-8C9D-847C2971A32B}.Release|Win32.Build.0 = Release|Win32
		{DE674CD0-316A-469E-8C9D-847C2971A32B}.Release|x64.ActiveCfg = Release|Win32
		{11594BA9-9B30-4075-A73C-2C8BDDC2A53D}.Debug|Win32.ActiveCfg = Debug|Win32
		{11594BA9-9B30-4075-A73C-2C8BDDC2A53D}.Debug|Win32.Build.0 = Debug|Win32
		{11594BA9-9B30-4075-A73C-2C8BDDC2A53D}.Debug|x64.ActiveCfg = Debug|Win32
		{11594BA9-9B30-4075-A73C-2C8BDDC2A53D}.Release|Win32.ActiveCfg = Release|Win32
		{11594BA9-9B30-4075-A73C-2C8BDDC2A53D}.Release|Win32.Build.0 = Release|Win32
		{11594BA9-9B30-4075-A73C-2C8BDDC2A53D}.Release|x64.ActiveCfg = Release|Win32
		{06202F10-137B-40F0-B16F-AB9138436547}.Debug|Win32.ActiveCfg = Debug|Win32
		{06202F10-137B-40F0-B16F-AB9138436547}.Debug|Win32.Build.0 = Debug|Win32
		{06202F10-137B-40F0-B16F-AB9138436547}.Debug|x64.ActiveCfg = Debug|Win32
		{06202F10-137B-40F0-B16F-AB9138436547}.Release|Win32.ActiveCfg = Release|Win32
		{06202F10-137B-40F0-B16F-AB9138436547}.Release|Win32.Build.0 = Release|Win32
		{06202F10-137B-40F0-B16F-AB9138436547}.Release|x64.ActiveCfg = Release|Win32
		{69550641-DB19-495F-AC03-760CBFE32ECB}.Debug|Win32.ActiveCfg = Debug|Win32
		{69550641-DB19-495F-AC03-760CBFE32ECB}.Debug|Win32.Build.0 = Debug|Win32
		{69550641-DB19-495F-AC03-760CBFE32ECB}.Debug|x64.ActiveCfg = Debug|Win32
		{69550641-DB19-495F-AC03-760CBFE32ECB}.Release|Win32.ActiveCfg = Release|Win32
		{69550641-DB19-495F-AC03-760CBFE32ECB}.Release|Win32.Build.0 = Release|Win32
		{69550641-DB19-495F-AC03-760CBFE32ECB}.Release|x64.ActiveCfg = Release|Win32
		{CA0E0E95-3EEE-4FD4-AD6D-2DE937AFA31B}.Debug|Win32.ActiveCfg = Debug|Win32
		{CA0E0E95-3EEE-4FD4-AD6D-2DE937AFA31B}.Debug|Win32.Build.0 = Debug|Win32
		{CA0E0E95-3EEE-4FD4-AD6D-2DE937AFA31B}.Debug|x64.ActiveCfg = Debug|Win32
		{CA0E0E95-3EEE-4FD4-AD6D-2DE937AFA31B}.Release|Win32.ActiveCfg = Release|Win32
		{CA0E0E95-3EEE-4FD4-AD6D-2DE937AFA31B}.Release|Win32.Build.0 = Release|Win32
		{CA0E0E95-3EEE-4FD4-AD6D-2DE937AFA31B}.Release|x64.ActiveCfg = Release|Win32
		{FD117DA6-1332-4CF9-AF9C-5749A2CF9DBD}.Debug|Win32.ActiveCfg = Debug|Win32
		{FD117DA6-1332-4CF9-AF9C-5749A2CF9DBD}.Debug|Win32.Build.0 = Debug|Win32
		{FD117DA6-1332-4CF9-AF9C-5749A2CF9DBD}.Debug|x64.ActiveCfg = Debug|Win32
		{FD117DA6-1332-4CF9-AF9C-5749A2CF9DBD}.Release|Win32.ActiveCfg = Release|Win32
		{FD117DA6-1332-4CF9-AF9C-5749A2CF9DBD}.Release|Win32.Build.0 = Release|Win32
		{FD117DA6-1332-4CF9-AF9C-5749A2CF9DBD}.Release|x64.ActiveCfg = Release|Win32
		{2BC2552A-3C74-4275-9A0F-358686DE5E05}.Debug|Win32.ActiveCfg = Debug|Win32
		{2BC2552A-3C74-4275-9A0F-358686DE5E05}.Debug|Win32.Build.0 = Debug|Win32
		{2BC2552A-3C74-4275-9A0F-358686DE5E05}.Debug|x64.ActiveCfg = Debug|x64
		{2BC2552A-3C74-4275-9A0F-358686DE5E05}.Debug|x64.Build.0 = Debug|x64
		{2BC2552A-3C74-4275-9A0F-358686DE5E05}.Release|Win32.ActiveCfg = Release|Win32
		{2BC2552A-3C74-4275-9A0F-358686DE5E05}.Release|Win32.Build.0 = Release|Win32
		{2BC2552A-3C74-4275-9A0F-358686DE5E05}.Release|x64.ActiveCfg = Release|x64
		{2BC2552A-3C74-4275-9A0F-358686DE5E05}.Release|x64.Build.0 = Release|x64
		{98F05433-7295-49F8-92DB-7980C3B748B4}.Debug|Win32.ActiveCfg = Debug|Win32
		{98F05433-7295-49F8-92DB-7980C3B748B4}.Debug|Win32.Build.0 = Debug|Win32
		{98F05433-7295-49F8-92DB-7980C3B748B4}.Debug|x64.ActiveCfg = Debug|x64
		{98F05433-7295-49F8-92DB-7980C3B748B4}.Debug|x64.Build.0 = Debug|x64
		{98F05433-7295-49F8-92DB-7980C3B748B4}.Release|Win32.ActiveCfg = Release|Win32
		{98F05433-7295-49F8-92DB-7980C3B748B4}.Release|Win32.Build.0 = Release|Win32
		{98F05433-7295-49F8-92DB-7980C3B748B4}.Release|x64.ActiveCfg = Release|x64
		{98F05433-7295-49F8-92DB-7980C3B748B4}.Release|x64.Build.0 = Release|x64
		{1D90A923-0614-4FBC-B343-91C64D5D19F1}.Debug|Win32.ActiveCfg = Debug|Win32
		{1D90A923-0614-4FBC-B343-91C64D5D19F1}.Debug|Win32.Build.0 = Debug|Win32
		{1D90A923-0614-4FBC-B343-91C64D5D19F1}.Debug|x64.ActiveCfg = Debug|x64
		{1D90A923-0614-4FBC-B343-91C64D5D19F1}.Debug|x64.Build.0 = Debug|x64
		{1D90A923-0614-4FBC-B343-91C64D5D19F1}.Release|Win32.ActiveCfg = Release|Win32
		{1D90A923-0614-4FBC-B343-91C64D5D19F1}.Release|Win32.Build.0 = Release|Win32
		{1D90A923-0614-4FBC-B343-91C64D5D19F1}.Release|x64.ActiveCfg = Release|x64
		{1D90A923-0614-4FBC-B343-91C64D5D19F1}.Release|x64.Build.0 = Release|x64
		{C19C0EFE-36AB-41E4-9089-D7B3D5A7B03C}.Debug|Win32.ActiveCfg = Debug|Win32
		{C19C0EFE-36AB-41E4-9089-D7B3D5A7B03C}.Debug|Win32.Build.0 = Debug|Win32
		{C19C0EFE-36AB-41E4-9089-D7B3D5A7B03C}.Debug|x64.ActiveCfg = Debug|x64
		{C19C0EFE-36AB-41E4-9089-D7B3D5A7B03C}.Debug|x64.Build.0 = Debug|x64
		{C19C0EFE-36AB-41E4-9089-D7B3D5A7B03C}.Release|Win32.ActiveCfg = Release|Win32
		{C19C0EFE-36AB-41E4-9089-D7B3D5A7B03C}.Release|Win32.Build.0 = Release|Win32
		{C19C0EFE-36AB-41E4-9089-D7B3D5A7B03C}.Release|x64.ActiveCfg = Release|x64
		{C19C0EFE-36AB-41E4-9089-D7B3D5A7B03C}.Release|x64.Build.0 = Release|x64
		{364D2A1B-F481-415F-BA7E-C41DC472EA0A}.Debug|Win32.ActiveCfg = Debug|Win32
		{364D2A1B-F481-415F-BA7E-C41DC472EA0A}.Debug|Win32.Build.0 = Debug|Win32
		{364D2A1B-F481-415F-BA7E-C41DC472EA0A}.Debug|x64.ActiveCfg = Debug|x64
		{364D2A1B-F481-415F-BA7E-C41DC472EA0A}.Debug|x64.Build.0 = Debug|x64
		{364D2A1B-F481-415F-BA7E-C41DC472EA0A}.Release|Win32.ActiveCfg = Release|Win32
		{364D2A1B-F481-415F-BA7E-C41DC472EA0A}.Release|Win32.Build.0 = Release|Win32
		{364D2A1B-F481-415F-BA7E-C41DC472EA0A}.Release|x64.ActiveCfg = Release|x64
		{364D2A1B-F481-415F-BA7E-C41DC472EA0A}.Release|x64.Build.0 = Release|x64
		{FB0E41CC-4A31-4BC0-9244-C65603D98EB1}.Debug|Win32.ActiveCfg = Debug|Win32
		{FB0E41CC-4A31-4BC0-9244-C65603D98EB1}.Debug|Win32.Build.0 = Debug|Win32
		{FB0E41CC-4A31-4BC0-9244-C65603D98EB1}.Debug|x64.ActiveCfg = Debug|x64
		{FB0E41CC-4A31-4BC0-9244-C65603D98EB1}.Debug|x64.Build.0 = Debug|x64
		{FB0E41CC-4A31-4BC0-9244-C65603D98EB1}.Release|Win32.ActiveCfg = Release|Win32
		{FB0E41CC-4A31-4BC0-9244-C65603D98EB1}.Release|Win32.Build.0 = Release|Win32
		{FB0E41CC-4A31-4BC0-9244-C65603D98EB1}.Release|x64.ActiveCfg = Release|x64
		{FB0E41CC-4A31-4BC0-9244-C65603D98EB1}.Release|x64.Build.0 = Release|x64
		{9FD59C9A-2CF7-4E8A-BE2B-4A17317323C9}.Debug|Win32.ActiveCfg = Debug|Win32
		{9FD59C9A-2CF7-4E8A-BE2B-4A17317323C9}.Debug|Win32.Build.0 = Debug|Win32
		{9FD59C9A-2CF7-4E8A-BE2B-4A17317323C9}.Debug|x64.ActiveCfg = Debug|x64
		{9FD59C9A-2CF7-4E8A-BE2B-4A17317323C9}.Debug|x64.Build.0 = Debug|x64
		{9FD59C9A-2CF7-4E8A-BE2B-4A17317323C9}.Release|Win32.ActiveCfg = Release|Win32
		{9FD59C9A-2CF7-4E8A-BE2B-4A17317323C9}.Release|Win32.Build.0 = Release|Win32
		{9FD59C9A-2CF7-4E8A-BE2B-4A17317323C9}.Release|x64.ActiveCfg = Release|x64
		{9FD59C9A-2CF7-4E8A-BE2B-4A17317323C9}.Release|x64.Build.0 = Release|x64
		{D6BA9701-5503-4474-BD8D-2E9A8A21F309}.Debug|Win32.ActiveCfg = Debug|Win32
		{D6BA9701-5503-4474-BD8D-2E9A8A21F309}.Debug|Win32.Build.0 = Debug|Win32
		{D6BA9701-5503-4474-BD8D-2E9A8A21F309}.Debug|x64.ActiveCfg = Debug|x64
		{D6BA9701-5503-4474-BD8D-2E9A8A21F309}.Debug|x64.Build.0 = Debug|x64
		{D6BA9701-5503-4474-BD8D-2E9A8A21F309}.Release|Win32.ActiveCfg = Release|Win32
		{D6BA9701-5503-4474-BD8D-2E9A8A21F309}.Release|Win32.Build.0 = Release|Win32
		{D6BA9701-5503-4474-BD8D-2E9A8A21F309}.Release|x64.ActiveCfg = Release|x64
		{D6BA9701-5503-4474-BD8D-2E9A8A21F309}.Release|x64.Build.0 = Release|x64
		{973409C2-504C-4115-BACF-79DFD31CE6E5}.Debug|Win32.ActiveCfg = Debug|Win32
		{973409C2-504C-4115-BACF-79DFD31CE6E5}.Debug|Win32.Build.0 = Debug|Win32
		{973409C2-504C-4115-BACF-79DFD31CE6E5}.Debug|x64.ActiveCfg = Debug|x64
		{973409C2-504C-4115-BACF-79DFD31CE6E5}.Debug|x64.Build.0 = Debug|x64
		{973409C2-504C-4115-BACF-79DFD31CE6E5}.Release|Win32.ActiveCfg = Release|Win32
		{973409C2-504C-4115-BACF-79DFD31CE6E5}.Release|Win32.Build.0 = Release|Win32
		{973409C2-504C-4115-BACF-79DFD31CE6E5}.Release|x64.ActiveCfg = Release|x64
		{973409C2-504C-4115-BACF-79DFD31CE6E5}.Release|x64.Build.0 = Release|x64
	EndGlobalSection
	GlobalSection(SolutionProperties) = preSolution
		HideSolutionNode = FALSE
	EndGlobalSection
	GlobalSection(NestedProjects) = preSolution
		{EDF554B1-8D24-4A13-AE48-7992AB0A2775} = {C74FB830-DCD2-4CB1-A1A8-F95A9C48B6AE}
		{A81F077F-5CB5-47B6-A76B-ADBD9F413903} = {C74FB830-DCD2-4CB1-A1A8-F95A9C48B6AE}
		{D266A2E9-7EE2-4B87-8B7F-3AF820AE502E} = {0C01B2E2-DEA3-4603-8FDA-A4EC25405868}
		{00EC0EDC-D4E3-483F-B234-3842C1EC4B8B} = {AF896B69-EBA7-4204-A392-3BE0682F1615}
		{F0B0681B-0FAD-4966-96F7-4827F4AF3EB0} = {C74FB830-DCD2-4CB1-A1A8-F95A9C48B6AE}
		{BA4C1556-1F5F-495F-8675-6707DB6C9011} = {AF896B69-EBA7-4204-A392-3BE0682F1615}
		{DE674CD0-316A-469E-8C9D-847C2971A32B} = {C74FB830-DCD2-4CB1-A1A8-F95A9C48B6AE}
		{11594BA9-9B30-4075-A73C-2C8BDDC2A53D} = {C74FB830-DCD2-4CB1-A1A8-F95A9C48B6AE}
		{06202F10-137B-40F0-B16F-AB9138436547} = {C74FB830-DCD2-4CB1-A1A8-F95A9C48B6AE}
		{69550641-DB19-495F-AC03-760CBFE32ECB} = {E9EBAAD8-DDF1-42B5-8E49-037E59932C0B}
		{CA0E0E95-3EEE-4FD4-AD6D-2DE937AFA31B} = {E9EBAAD8-DDF1-42B5-8E49-037E59932C0B}
		{FD117DA6-1332-4CF9-AF9C-5749A2CF9DBD} = {AF896B69-EBA7-4204-A392-3BE0682F1615}
		{2BC2552A-3C74-4275-9A0F-358686DE5E05} = {C74FB830-DCD2-4CB1-A1A8-F95A9C48B6AE}
		{98F05433-7295-49F8-92DB-7980C3B748B4} = {C74FB830-DCD2-4CB1-A1A8-F95A9C48B6AE}
		{1D90A923-0614-4FBC-B343-91C64D5D19F1} = {AF896B69-EBA7-4204-A392-3BE0682F1615}
		{C19C0EFE-36AB-41E4-9089-D7B3D5A7B03C} = {0C01B2E2-DEA3-4603-8FDA-A4EC25405868}
		{FB0E41CC-4A31-4BC0-9244-C65603D98EB1} = {0C01B2E2-DEA3-4603-8FDA-A4EC25405868}
		{9FD59C9A-2CF7-4E8A-BE2B-4A17317323C9} = {E9EBAAD8-DDF1-42B5-8E49-037E59932C0B}
		{D6BA9701-5503-4474-BD8D-2E9A8A21F309} = {AF896B69-EBA7-4204-A392-3BE0682F1615}
		{973409C2-504C-4115-BACF-79DFD31CE6E5} = {AF896B69-EBA7-4204-A392-3BE0682F1615}
	EndGlobalSection
	GlobalSection(ExtensibilityGlobals) = postSolution
		SolutionGuid = {A696F1B6-E662-44C7-91BE-BC833A0CE4F0}
	EndGlobalSection
EndGlobal
