
Microsoft Visual Studio Solution File, Format Version 12.00
# Visual Studio Version 17
VisualStudioVersion = 17.13.36105.23
MinimumVisualStudioVersion = 10.0.40219.1
Project("{8BC9CEB8-8B4A-11D0-8D11-00A0C91BC942}") = "application", "application\application.vcxproj", "{E8FB5013-5C5F-4B82-9E7E-E638EF288B8B}"
EndProject
Project("{8BC9CEB8-8B4A-11D0-8D11-00A0C91BC942}") = "library", "library\library.vcxproj", "{48EDAB9E-E713-401A-B8FB-5CE77581BBAA}"
EndProject
Project("{8BC9CEB8-8B4A-11D0-8D11-00A0C91BC942}") = "application_with_std-import", "application_with_std-import\application_with_std-import.vcxproj", "{40DBE23D-4D07-498F-A1BC-722D7F4755B3}"
EndProject
Global
	GlobalSection(SolutionConfigurationPlatforms) = preSolution
		Debug|x64 = Debug|x64
		Debug|x86 = Debug|x86
		Release|x64 = Release|x64
		Release|x86 = Release|x86
	EndGlobalSection
	GlobalSection(ProjectConfigurationPlatforms) = postSolution
		{E8FB5013-5C5F-4B82-9E7E-E638EF288B8B}.Debug|x64.ActiveCfg = Debug|x64
		{E8FB5013-5C5F-4B82-9E7E-E638EF288B8B}.Debug|x64.Build.0 = Debug|x64
		{E8FB5013-5C5F-4B82-9E7E-E638EF288B8B}.Debug|x86.ActiveCfg = Debug|Win32
		{E8FB5013-5C5F-4B82-9E7E-E638EF288B8B}.Debug|x86.Build.0 = Debug|Win32
		{E8FB5013-5C5F-4B82-9E7E-E638EF288B8B}.Release|x64.ActiveCfg = Release|x64
		{E8FB5013-5C5F-4B82-9E7E-E638EF288B8B}.Release|x64.Build.0 = Release|x64
		{E8FB5013-5C5F-4B82-9E7E-E638EF288B8B}.Release|x86.ActiveCfg = Release|Win32
		{E8FB5013-5C5F-4B82-9E7E-E638EF288B8B}.Release|x86.Build.0 = Release|Win32
		{48EDAB9E-E713-401A-B8FB-5CE77581BBAA}.Debug|x64.ActiveCfg = Debug|x64
		{48EDAB9E-E713-401A-B8FB-5CE77581BBAA}.Debug|x64.Build.0 = Debug|x64
		{48EDAB9E-E713-401A-B8FB-5CE77581BBAA}.Debug|x86.ActiveCfg = Debug|Win32
		{48EDAB9E-E713-401A-B8FB-5CE77581BBAA}.Debug|x86.Build.0 = Debug|Win32
		{48EDAB9E-E713-401A-B8FB-5CE77581BBAA}.Release|x64.ActiveCfg = Release|x64
		{48EDAB9E-E713-401A-B8FB-5CE77581BBAA}.Release|x64.Build.0 = Release|x64
		{48EDAB9E-E713-401A-B8FB-5CE77581BBAA}.Release|x86.ActiveCfg = Release|Win32
		{48EDAB9E-E713-401A-B8FB-5CE77581BBAA}.Release|x86.Build.0 = Release|Win32
		{40DBE23D-4D07-498F-A1BC-722D7F4755B3}.Debug|x64.ActiveCfg = Debug|x64
		{40DBE23D-4D07-498F-A1BC-722D7F4755B3}.Debug|x64.Build.0 = Debug|x64
		{40DBE23D-4D07-498F-A1BC-722D7F4755B3}.Debug|x86.ActiveCfg = Debug|Win32
		{40DBE23D-4D07-498F-A1BC-722D7F4755B3}.Debug|x86.Build.0 = Debug|Win32
		{40DBE23D-4D07-498F-A1BC-722D7F4755B3}.Release|x64.ActiveCfg = Release|x64
		{40DBE23D-4D07-498F-A1BC-722D7F4755B3}.Release|x64.Build.0 = Release|x64
		{40DBE23D-4D07-498F-A1BC-722D7F4755B3}.Release|x86.ActiveCfg = Release|Win32
		{40DBE23D-4D07-498F-A1BC-722D7F4755B3}.Release|x86.Build.0 = Release|Win32
	EndGlobalSection
	GlobalSection(SolutionProperties) = preSolution
		HideSolutionNode = FALSE
	EndGlobalSection
	GlobalSection(ExtensibilityGlobals) = postSolution
		SolutionGuid = {9A79C2DB-E44E-4B58-9CC5-2915A150680E}
	EndGlobalSection
EndGlobal
