
Microsoft Visual Studio Solution File, Format Version 12.00
# Visual Studio 14
VisualStudioVersion = 14.0.25123.0
MinimumVisualStudioVersion = 10.0.40219.1
Project("{8BC9CEB8-8B4A-11D0-8D11-00A0C91BC942}") = "lab6", "lab6\lab6.vcxproj", "{2A1C6369-4537-49D3-B139-BFB384EE44EA}"
EndProject
Project("{8BC9CEB8-8B4A-11D0-8D11-00A0C91BC942}") = "lab6_tests", "lab6_tests\lab6_tests.vcxproj", "{7C80B43A-4E63-47E1-B9BD-AF7F7AE45935}"
EndProject
Global
	GlobalSection(SolutionConfigurationPlatforms) = preSolution
		Debug|x64 = Debug|x64
		Debug|x86 = Debug|x86
		Release|x64 = Release|x64
		Release|x86 = Release|x86
	EndGlobalSection
	GlobalSection(ProjectConfigurationPlatforms) = postSolution
		{2A1C6369-4537-49D3-B139-BFB384EE44EA}.Debug|x64.ActiveCfg = Debug|x64
		{2A1C6369-4537-49D3-B139-BFB384EE44EA}.Debug|x64.Build.0 = Debug|x64
		{2A1C6369-4537-49D3-B139-BFB384EE44EA}.Debug|x86.ActiveCfg = Debug|Win32
		{2A1C6369-4537-49D3-B139-BFB384EE44EA}.Debug|x86.Build.0 = Debug|Win32
		{2A1C6369-4537-49D3-B139-BFB384EE44EA}.Release|x64.ActiveCfg = Release|x64
		{2A1C6369-4537-49D3-B139-BFB384EE44EA}.Release|x64.Build.0 = Release|x64
		{2A1C6369-4537-49D3-B139-BFB384EE44EA}.Release|x86.ActiveCfg = Release|Win32
		{2A1C6369-4537-49D3-B139-BFB384EE44EA}.Release|x86.Build.0 = Release|Win32
		{7C80B43A-4E63-47E1-B9BD-AF7F7AE45935}.Debug|x64.ActiveCfg = Debug|x64
		{7C80B43A-4E63-47E1-B9BD-AF7F7AE45935}.Debug|x64.Build.0 = Debug|x64
		{7C80B43A-4E63-47E1-B9BD-AF7F7AE45935}.Debug|x86.ActiveCfg = Debug|Win32
		{7C80B43A-4E63-47E1-B9BD-AF7F7AE45935}.Debug|x86.Build.0 = Debug|Win32
		{7C80B43A-4E63-47E1-B9BD-AF7F7AE45935}.Release|x64.ActiveCfg = Release|x64
		{7C80B43A-4E63-47E1-B9BD-AF7F7AE45935}.Release|x64.Build.0 = Release|x64
		{7C80B43A-4E63-47E1-B9BD-AF7F7AE45935}.Release|x86.ActiveCfg = Release|Win32
		{7C80B43A-4E63-47E1-B9BD-AF7F7AE45935}.Release|x86.Build.0 = Release|Win32
	EndGlobalSection
	GlobalSection(SolutionProperties) = preSolution
		HideSolutionNode = FALSE
	EndGlobalSection
EndGlobal
