
Microsoft Visual Studio Solution File, Format Version 12.00
# Visual Studio 15
VisualStudioVersion = 15.0.27130.2024
MinimumVisualStudioVersion = 10.0.40219.1
Project("{8BC9CEB8-8B4A-11D0-8D11-00A0C91BC942}") = "Test-Driven-Development", "Test-Driven-Development\Test-Driven-Development.vcxproj", "{F95960B9-B577-4B92-B80A-831239D73F0F}"
EndProject
Project("{8BC9CEB8-8B4A-11D0-8D11-00A0C91BC942}") = "stl-containers", "stl-containers\stl-containers.vcxproj", "{790BBA5D-661D-427E-95AC-CCBD96BDA4C6}"
EndProject
Project("{8BC9CEB8-8B4A-11D0-8D11-00A0C91BC942}") = "Transformer", "Transformer\Transformer.vcxproj", "{ED4D7C2F-D827-405D-B9AB-9F93F8B0202C}"
EndProject
Project("{8BC9CEB8-8B4A-11D0-8D11-00A0C91BC942}") = "CustomIterator", "CustomIterator\CustomIterator.vcxproj", "{A5157FE6-A998-471F-BDB9-E189ADF98386}"
EndProject
Project("{8BC9CEB8-8B4A-11D0-8D11-00A0C91BC942}") = "StringReference", "StringReference\StringReference.vcxproj", "{0D0BB9E9-F59D-4F9E-99C6-7BE726417301}"
EndProject
Project("{8BC9CEB8-8B4A-11D0-8D11-00A0C91BC942}") = "BoostVariant", "BoostVariant\BoostVariant.vcxproj", "{9D8116E4-92CA-4077-9D91-44870E2D357E}"
EndProject
Project("{8BC9CEB8-8B4A-11D0-8D11-00A0C91BC942}") = "binding", "binding\binding.vcxproj", "{63EDAA9A-E4D7-45A2-88A1-E314F9B7C615}"
EndProject
Project("{8BC9CEB8-8B4A-11D0-8D11-00A0C91BC942}") = "erase-remove-idiom", "erase-remove-idiom\erase-remove-idiom.vcxproj", "{FBCE3157-2BCE-4CDC-98D4-25F7C7BBC0A3}"
EndProject
Project("{8BC9CEB8-8B4A-11D0-8D11-00A0C91BC942}") = "strings", "strings\strings.vcxproj", "{A05726A3-638C-4D44-9718-C16C98832961}"
EndProject
Project("{8BC9CEB8-8B4A-11D0-8D11-00A0C91BC942}") = "vectors", "vectors\vectors.vcxproj", "{BB10571D-42F4-4D6A-BCB5-2668E27CC83F}"
EndProject
Project("{8BC9CEB8-8B4A-11D0-8D11-00A0C91BC942}") = "list", "list\list.vcxproj", "{89660CAD-4470-4267-8258-47E2A616AA90}"
EndProject
Project("{8BC9CEB8-8B4A-11D0-8D11-00A0C91BC942}") = "map", "map\map.vcxproj", "{F01256FC-4D0A-417B-BD7B-04BBCDFA94BC}"
EndProject
Project("{2150E333-8FDC-42A3-9474-1A3956D46DE8}") = "Algorithms", "Algorithms", "{634151E7-7AE5-47E0-9461-9ED293F6D17F}"
EndProject
Project("{8BC9CEB8-8B4A-11D0-8D11-00A0C91BC942}") = "all_of", "algorithms\all_of\all_of.vcxproj", "{BC8698DA-67BE-419E-B323-E25219673E8D}"
EndProject
Project("{8BC9CEB8-8B4A-11D0-8D11-00A0C91BC942}") = "all_of(boost)", "algorithms\all_of(boost)\all_of(boost).vcxproj", "{8589413E-03F8-411B-B907-978EF86AD81A}"
EndProject
Project("{8BC9CEB8-8B4A-11D0-8D11-00A0C91BC942}") = "any_of", "algorithms\any_of\any_of.vcxproj", "{579A9DC4-B120-4EEF-9520-9EB64B498985}"
EndProject
Project("{8BC9CEB8-8B4A-11D0-8D11-00A0C91BC942}") = "any_of(boost)", "algorithms\any_of(boost)\any_of(boost).vcxproj", "{D0B15A28-38F8-4AFD-89E4-E0D7E8D0C582}"
EndProject
Project("{8BC9CEB8-8B4A-11D0-8D11-00A0C91BC942}") = "find", "algorithms\find\find.vcxproj", "{0644440B-EA8A-4338-9178-E7EF66F40D65}"
EndProject
Project("{8BC9CEB8-8B4A-11D0-8D11-00A0C91BC942}") = "find(boost)", "algorithms\find(boost)\find(boost).vcxproj", "{6097997C-4DCE-4FB8-B131-A5342F70D9BD}"
EndProject
Project("{8BC9CEB8-8B4A-11D0-8D11-00A0C91BC942}") = "find_if", "algorithms\find_if\find_if.vcxproj", "{146A0353-56A2-44AF-8E12-D28159B9E18B}"
EndProject
Project("{8BC9CEB8-8B4A-11D0-8D11-00A0C91BC942}") = "find_if(boost)", "algorithms\find_if(boost)\find_if(boost).vcxproj", "{1B08C127-032A-40AD-B694-33F5C2EB46EA}"
EndProject
Project("{8BC9CEB8-8B4A-11D0-8D11-00A0C91BC942}") = "searching(boost)", "algorithms\searching(boost)\searching(boost).vcxproj", "{C05EF837-AD19-476F-9137-3E5CF4E68430}"
EndProject
Project("{8BC9CEB8-8B4A-11D0-8D11-00A0C91BC942}") = "transform", "algorithms\transform\transform.vcxproj", "{137753A8-2010-4D37-9367-EDF8BEC1603E}"
EndProject
Project("{8BC9CEB8-8B4A-11D0-8D11-00A0C91BC942}") = "transform(boost)", "algorithms\transform(boost)\transform(boost).vcxproj", "{DB2BBB36-70E4-4EAB-95E3-C9269330F574}"
EndProject
Project("{8BC9CEB8-8B4A-11D0-8D11-00A0C91BC942}") = "transform_iterator(boost)", "algorithms\transform_iterator(boost)\transform_iterator(boost).vcxproj", "{01DFBDB7-FC9E-4679-8E06-4FCFEC6B8186}"
EndProject
Project("{2150E333-8FDC-42A3-9474-1A3956D46DE8}") = "Containers", "Containers", "{B230C5B0-A586-4186-9E40-EBEFF45EF94C}"
EndProject
Project("{8BC9CEB8-8B4A-11D0-8D11-00A0C91BC942}") = "unordered_map", "unordered_map\unordered_map.vcxproj", "{13EFEC75-EF49-4779-90AC-EF72BBB9004F}"
EndProject
Project("{8BC9CEB8-8B4A-11D0-8D11-00A0C91BC942}") = "unordered_map_with_custom_hasher", "unordered_map_with_custom_hasher\unordered_map_with_custom_hasher.vcxproj", "{794E58D5-67C9-4722-9074-AFA63A4BF6F9}"
EndProject
Project("{8BC9CEB8-8B4A-11D0-8D11-00A0C91BC942}") = "boost-optional", "boost-optional\boost-optional.vcxproj", "{E14CCB5C-14E1-4935-8136-A0CC672C7FE3}"
EndProject
Project("{8BC9CEB8-8B4A-11D0-8D11-00A0C91BC942}") = "tuples", "tuples\tuples.vcxproj", "{330A70D9-912A-4C5C-B64A-C471A3E9EA39}"
EndProject
Project("{8BC9CEB8-8B4A-11D0-8D11-00A0C91BC942}") = "StringView", "StringView\StringView.vcxproj", "{8B1D9697-880D-4F06-9AAE-7CF5B53D5702}"
EndProject
Project("{8BC9CEB8-8B4A-11D0-8D11-00A0C91BC942}") = "NeverWriteUsingNamespaceInHeaders", "NeverWriteUsingNamespaceInHeaders\NeverWriteUsingNamespaceInHeaders.vcxproj", "{E5CFB575-C939-4B7A-8922-F76E66DA39EF}"
EndProject
Project("{8BC9CEB8-8B4A-11D0-8D11-00A0C91BC942}") = "StdOptional", "StdOptional\StdOptional.vcxproj", "{0A0C979A-877E-4D2D-BCDF-0C701B51E412}"
EndProject
Global
	GlobalSection(SolutionConfigurationPlatforms) = preSolution
		Debug|Win32 = Debug|Win32
		Debug|x64 = Debug|x64
		Release|Win32 = Release|Win32
		Release|x64 = Release|x64
	EndGlobalSection
	GlobalSection(ProjectConfigurationPlatforms) = postSolution
		{F95960B9-B577-4B92-B80A-831239D73F0F}.Debug|Win32.ActiveCfg = Debug|Win32
		{F95960B9-B577-4B92-B80A-831239D73F0F}.Debug|Win32.Build.0 = Debug|Win32
		{F95960B9-B577-4B92-B80A-831239D73F0F}.Debug|x64.ActiveCfg = Debug|x64
		{F95960B9-B577-4B92-B80A-831239D73F0F}.Debug|x64.Build.0 = Debug|x64
		{F95960B9-B577-4B92-B80A-831239D73F0F}.Release|Win32.ActiveCfg = Release|Win32
		{F95960B9-B577-4B92-B80A-831239D73F0F}.Release|Win32.Build.0 = Release|Win32
		{F95960B9-B577-4B92-B80A-831239D73F0F}.Release|x64.ActiveCfg = Release|x64
		{F95960B9-B577-4B92-B80A-831239D73F0F}.Release|x64.Build.0 = Release|x64
		{790BBA5D-661D-427E-95AC-CCBD96BDA4C6}.Debug|Win32.ActiveCfg = Debug|Win32
		{790BBA5D-661D-427E-95AC-CCBD96BDA4C6}.Debug|Win32.Build.0 = Debug|Win32
		{790BBA5D-661D-427E-95AC-CCBD96BDA4C6}.Debug|x64.ActiveCfg = Debug|x64
		{790BBA5D-661D-427E-95AC-CCBD96BDA4C6}.Debug|x64.Build.0 = Debug|x64
		{790BBA5D-661D-427E-95AC-CCBD96BDA4C6}.Release|Win32.ActiveCfg = Release|Win32
		{790BBA5D-661D-427E-95AC-CCBD96BDA4C6}.Release|Win32.Build.0 = Release|Win32
		{790BBA5D-661D-427E-95AC-CCBD96BDA4C6}.Release|x64.ActiveCfg = Release|x64
		{790BBA5D-661D-427E-95AC-CCBD96BDA4C6}.Release|x64.Build.0 = Release|x64
		{ED4D7C2F-D827-405D-B9AB-9F93F8B0202C}.Debug|Win32.ActiveCfg = Debug|Win32
		{ED4D7C2F-D827-405D-B9AB-9F93F8B0202C}.Debug|Win32.Build.0 = Debug|Win32
		{ED4D7C2F-D827-405D-B9AB-9F93F8B0202C}.Debug|x64.ActiveCfg = Debug|x64
		{ED4D7C2F-D827-405D-B9AB-9F93F8B0202C}.Debug|x64.Build.0 = Debug|x64
		{ED4D7C2F-D827-405D-B9AB-9F93F8B0202C}.Release|Win32.ActiveCfg = Release|Win32
		{ED4D7C2F-D827-405D-B9AB-9F93F8B0202C}.Release|Win32.Build.0 = Release|Win32
		{ED4D7C2F-D827-405D-B9AB-9F93F8B0202C}.Release|x64.ActiveCfg = Release|x64
		{ED4D7C2F-D827-405D-B9AB-9F93F8B0202C}.Release|x64.Build.0 = Release|x64
		{A5157FE6-A998-471F-BDB9-E189ADF98386}.Debug|Win32.ActiveCfg = Debug|Win32
		{A5157FE6-A998-471F-BDB9-E189ADF98386}.Debug|Win32.Build.0 = Debug|Win32
		{A5157FE6-A998-471F-BDB9-E189ADF98386}.Debug|x64.ActiveCfg = Debug|x64
		{A5157FE6-A998-471F-BDB9-E189ADF98386}.Debug|x64.Build.0 = Debug|x64
		{A5157FE6-A998-471F-BDB9-E189ADF98386}.Release|Win32.ActiveCfg = Release|Win32
		{A5157FE6-A998-471F-BDB9-E189ADF98386}.Release|Win32.Build.0 = Release|Win32
		{A5157FE6-A998-471F-BDB9-E189ADF98386}.Release|x64.ActiveCfg = Release|x64
		{A5157FE6-A998-471F-BDB9-E189ADF98386}.Release|x64.Build.0 = Release|x64
		{0D0BB9E9-F59D-4F9E-99C6-7BE726417301}.Debug|Win32.ActiveCfg = Debug|Win32
		{0D0BB9E9-F59D-4F9E-99C6-7BE726417301}.Debug|Win32.Build.0 = Debug|Win32
		{0D0BB9E9-F59D-4F9E-99C6-7BE726417301}.Debug|x64.ActiveCfg = Debug|x64
		{0D0BB9E9-F59D-4F9E-99C6-7BE726417301}.Debug|x64.Build.0 = Debug|x64
		{0D0BB9E9-F59D-4F9E-99C6-7BE726417301}.Release|Win32.ActiveCfg = Release|Win32
		{0D0BB9E9-F59D-4F9E-99C6-7BE726417301}.Release|Win32.Build.0 = Release|Win32
		{0D0BB9E9-F59D-4F9E-99C6-7BE726417301}.Release|x64.ActiveCfg = Release|x64
		{0D0BB9E9-F59D-4F9E-99C6-7BE726417301}.Release|x64.Build.0 = Release|x64
		{9D8116E4-92CA-4077-9D91-44870E2D357E}.Debug|Win32.ActiveCfg = Debug|Win32
		{9D8116E4-92CA-4077-9D91-44870E2D357E}.Debug|Win32.Build.0 = Debug|Win32
		{9D8116E4-92CA-4077-9D91-44870E2D357E}.Debug|x64.ActiveCfg = Debug|x64
		{9D8116E4-92CA-4077-9D91-44870E2D357E}.Debug|x64.Build.0 = Debug|x64
		{9D8116E4-92CA-4077-9D91-44870E2D357E}.Release|Win32.ActiveCfg = Release|Win32
		{9D8116E4-92CA-4077-9D91-44870E2D357E}.Release|Win32.Build.0 = Release|Win32
		{9D8116E4-92CA-4077-9D91-44870E2D357E}.Release|x64.ActiveCfg = Release|x64
		{9D8116E4-92CA-4077-9D91-44870E2D357E}.Release|x64.Build.0 = Release|x64
		{63EDAA9A-E4D7-45A2-88A1-E314F9B7C615}.Debug|Win32.ActiveCfg = Debug|Win32
		{63EDAA9A-E4D7-45A2-88A1-E314F9B7C615}.Debug|Win32.Build.0 = Debug|Win32
		{63EDAA9A-E4D7-45A2-88A1-E314F9B7C615}.Debug|x64.ActiveCfg = Debug|x64
		{63EDAA9A-E4D7-45A2-88A1-E314F9B7C615}.Debug|x64.Build.0 = Debug|x64
		{63EDAA9A-E4D7-45A2-88A1-E314F9B7C615}.Release|Win32.ActiveCfg = Release|Win32
		{63EDAA9A-E4D7-45A2-88A1-E314F9B7C615}.Release|Win32.Build.0 = Release|Win32
		{63EDAA9A-E4D7-45A2-88A1-E314F9B7C615}.Release|x64.ActiveCfg = Release|x64
		{63EDAA9A-E4D7-45A2-88A1-E314F9B7C615}.Release|x64.Build.0 = Release|x64
		{FBCE3157-2BCE-4CDC-98D4-25F7C7BBC0A3}.Debug|Win32.ActiveCfg = Debug|Win32
		{FBCE3157-2BCE-4CDC-98D4-25F7C7BBC0A3}.Debug|Win32.Build.0 = Debug|Win32
		{FBCE3157-2BCE-4CDC-98D4-25F7C7BBC0A3}.Debug|x64.ActiveCfg = Debug|x64
		{FBCE3157-2BCE-4CDC-98D4-25F7C7BBC0A3}.Debug|x64.Build.0 = Debug|x64
		{FBCE3157-2BCE-4CDC-98D4-25F7C7BBC0A3}.Release|Win32.ActiveCfg = Release|Win32
		{FBCE3157-2BCE-4CDC-98D4-25F7C7BBC0A3}.Release|Win32.Build.0 = Release|Win32
		{FBCE3157-2BCE-4CDC-98D4-25F7C7BBC0A3}.Release|x64.ActiveCfg = Release|x64
		{FBCE3157-2BCE-4CDC-98D4-25F7C7BBC0A3}.Release|x64.Build.0 = Release|x64
		{A05726A3-638C-4D44-9718-C16C98832961}.Debug|Win32.ActiveCfg = Debug|Win32
		{A05726A3-638C-4D44-9718-C16C98832961}.Debug|Win32.Build.0 = Debug|Win32
		{A05726A3-638C-4D44-9718-C16C98832961}.Debug|x64.ActiveCfg = Debug|x64
		{A05726A3-638C-4D44-9718-C16C98832961}.Debug|x64.Build.0 = Debug|x64
		{A05726A3-638C-4D44-9718-C16C98832961}.Release|Win32.ActiveCfg = Release|Win32
		{A05726A3-638C-4D44-9718-C16C98832961}.Release|Win32.Build.0 = Release|Win32
		{A05726A3-638C-4D44-9718-C16C98832961}.Release|x64.ActiveCfg = Release|x64
		{A05726A3-638C-4D44-9718-C16C98832961}.Release|x64.Build.0 = Release|x64
		{BB10571D-42F4-4D6A-BCB5-2668E27CC83F}.Debug|Win32.ActiveCfg = Debug|Win32
		{BB10571D-42F4-4D6A-BCB5-2668E27CC83F}.Debug|Win32.Build.0 = Debug|Win32
		{BB10571D-42F4-4D6A-BCB5-2668E27CC83F}.Debug|x64.ActiveCfg = Debug|x64
		{BB10571D-42F4-4D6A-BCB5-2668E27CC83F}.Debug|x64.Build.0 = Debug|x64
		{BB10571D-42F4-4D6A-BCB5-2668E27CC83F}.Release|Win32.ActiveCfg = Release|Win32
		{BB10571D-42F4-4D6A-BCB5-2668E27CC83F}.Release|Win32.Build.0 = Release|Win32
		{BB10571D-42F4-4D6A-BCB5-2668E27CC83F}.Release|x64.ActiveCfg = Release|x64
		{BB10571D-42F4-4D6A-BCB5-2668E27CC83F}.Release|x64.Build.0 = Release|x64
		{89660CAD-4470-4267-8258-47E2A616AA90}.Debug|Win32.ActiveCfg = Debug|Win32
		{89660CAD-4470-4267-8258-47E2A616AA90}.Debug|Win32.Build.0 = Debug|Win32
		{89660CAD-4470-4267-8258-47E2A616AA90}.Debug|x64.ActiveCfg = Debug|x64
		{89660CAD-4470-4267-8258-47E2A616AA90}.Debug|x64.Build.0 = Debug|x64
		{89660CAD-4470-4267-8258-47E2A616AA90}.Release|Win32.ActiveCfg = Release|Win32
		{89660CAD-4470-4267-8258-47E2A616AA90}.Release|Win32.Build.0 = Release|Win32
		{89660CAD-4470-4267-8258-47E2A616AA90}.Release|x64.ActiveCfg = Release|x64
		{89660CAD-4470-4267-8258-47E2A616AA90}.Release|x64.Build.0 = Release|x64
		{F01256FC-4D0A-417B-BD7B-04BBCDFA94BC}.Debug|Win32.ActiveCfg = Debug|Win32
		{F01256FC-4D0A-417B-BD7B-04BBCDFA94BC}.Debug|Win32.Build.0 = Debug|Win32
		{F01256FC-4D0A-417B-BD7B-04BBCDFA94BC}.Debug|x64.ActiveCfg = Debug|x64
		{F01256FC-4D0A-417B-BD7B-04BBCDFA94BC}.Debug|x64.Build.0 = Debug|x64
		{F01256FC-4D0A-417B-BD7B-04BBCDFA94BC}.Release|Win32.ActiveCfg = Release|Win32
		{F01256FC-4D0A-417B-BD7B-04BBCDFA94BC}.Release|Win32.Build.0 = Release|Win32
		{F01256FC-4D0A-417B-BD7B-04BBCDFA94BC}.Release|x64.ActiveCfg = Release|x64
		{F01256FC-4D0A-417B-BD7B-04BBCDFA94BC}.Release|x64.Build.0 = Release|x64
		{BC8698DA-67BE-419E-B323-E25219673E8D}.Debug|Win32.ActiveCfg = Debug|Win32
		{BC8698DA-67BE-419E-B323-E25219673E8D}.Debug|Win32.Build.0 = Debug|Win32
		{BC8698DA-67BE-419E-B323-E25219673E8D}.Debug|x64.ActiveCfg = Debug|x64
		{BC8698DA-67BE-419E-B323-E25219673E8D}.Debug|x64.Build.0 = Debug|x64
		{BC8698DA-67BE-419E-B323-E25219673E8D}.Release|Win32.ActiveCfg = Release|Win32
		{BC8698DA-67BE-419E-B323-E25219673E8D}.Release|Win32.Build.0 = Release|Win32
		{BC8698DA-67BE-419E-B323-E25219673E8D}.Release|x64.ActiveCfg = Release|x64
		{BC8698DA-67BE-419E-B323-E25219673E8D}.Release|x64.Build.0 = Release|x64
		{8589413E-03F8-411B-B907-978EF86AD81A}.Debug|Win32.ActiveCfg = Debug|Win32
		{8589413E-03F8-411B-B907-978EF86AD81A}.Debug|Win32.Build.0 = Debug|Win32
		{8589413E-03F8-411B-B907-978EF86AD81A}.Debug|x64.ActiveCfg = Debug|x64
		{8589413E-03F8-411B-B907-978EF86AD81A}.Debug|x64.Build.0 = Debug|x64
		{8589413E-03F8-411B-B907-978EF86AD81A}.Release|Win32.ActiveCfg = Release|Win32
		{8589413E-03F8-411B-B907-978EF86AD81A}.Release|Win32.Build.0 = Release|Win32
		{8589413E-03F8-411B-B907-978EF86AD81A}.Release|x64.ActiveCfg = Release|x64
		{8589413E-03F8-411B-B907-978EF86AD81A}.Release|x64.Build.0 = Release|x64
		{579A9DC4-B120-4EEF-9520-9EB64B498985}.Debug|Win32.ActiveCfg = Debug|Win32
		{579A9DC4-B120-4EEF-9520-9EB64B498985}.Debug|Win32.Build.0 = Debug|Win32
		{579A9DC4-B120-4EEF-9520-9EB64B498985}.Debug|x64.ActiveCfg = Debug|x64
		{579A9DC4-B120-4EEF-9520-9EB64B498985}.Debug|x64.Build.0 = Debug|x64
		{579A9DC4-B120-4EEF-9520-9EB64B498985}.Release|Win32.ActiveCfg = Release|Win32
		{579A9DC4-B120-4EEF-9520-9EB64B498985}.Release|Win32.Build.0 = Release|Win32
		{579A9DC4-B120-4EEF-9520-9EB64B498985}.Release|x64.ActiveCfg = Release|x64
		{579A9DC4-B120-4EEF-9520-9EB64B498985}.Release|x64.Build.0 = Release|x64
		{D0B15A28-38F8-4AFD-89E4-E0D7E8D0C582}.Debug|Win32.ActiveCfg = Debug|Win32
		{D0B15A28-38F8-4AFD-89E4-E0D7E8D0C582}.Debug|Win32.Build.0 = Debug|Win32
		{D0B15A28-38F8-4AFD-89E4-E0D7E8D0C582}.Debug|x64.ActiveCfg = Debug|x64
		{D0B15A28-38F8-4AFD-89E4-E0D7E8D0C582}.Debug|x64.Build.0 = Debug|x64
		{D0B15A28-38F8-4AFD-89E4-E0D7E8D0C582}.Release|Win32.ActiveCfg = Release|Win32
		{D0B15A28-38F8-4AFD-89E4-E0D7E8D0C582}.Release|Win32.Build.0 = Release|Win32
		{D0B15A28-38F8-4AFD-89E4-E0D7E8D0C582}.Release|x64.ActiveCfg = Release|x64
		{D0B15A28-38F8-4AFD-89E4-E0D7E8D0C582}.Release|x64.Build.0 = Release|x64
		{0644440B-EA8A-4338-9178-E7EF66F40D65}.Debug|Win32.ActiveCfg = Debug|Win32
		{0644440B-EA8A-4338-9178-E7EF66F40D65}.Debug|Win32.Build.0 = Debug|Win32
		{0644440B-EA8A-4338-9178-E7EF66F40D65}.Debug|x64.ActiveCfg = Debug|x64
		{0644440B-EA8A-4338-9178-E7EF66F40D65}.Debug|x64.Build.0 = Debug|x64
		{0644440B-EA8A-4338-9178-E7EF66F40D65}.Release|Win32.ActiveCfg = Release|Win32
		{0644440B-EA8A-4338-9178-E7EF66F40D65}.Release|Win32.Build.0 = Release|Win32
		{0644440B-EA8A-4338-9178-E7EF66F40D65}.Release|x64.ActiveCfg = Release|x64
		{0644440B-EA8A-4338-9178-E7EF66F40D65}.Release|x64.Build.0 = Release|x64
		{6097997C-4DCE-4FB8-B131-A5342F70D9BD}.Debug|Win32.ActiveCfg = Debug|Win32
		{6097997C-4DCE-4FB8-B131-A5342F70D9BD}.Debug|Win32.Build.0 = Debug|Win32
		{6097997C-4DCE-4FB8-B131-A5342F70D9BD}.Debug|x64.ActiveCfg = Debug|x64
		{6097997C-4DCE-4FB8-B131-A5342F70D9BD}.Debug|x64.Build.0 = Debug|x64
		{6097997C-4DCE-4FB8-B131-A5342F70D9BD}.Release|Win32.ActiveCfg = Release|Win32
		{6097997C-4DCE-4FB8-B131-A5342F70D9BD}.Release|Win32.Build.0 = Release|Win32
		{6097997C-4DCE-4FB8-B131-A5342F70D9BD}.Release|x64.ActiveCfg = Release|x64
		{6097997C-4DCE-4FB8-B131-A5342F70D9BD}.Release|x64.Build.0 = Release|x64
		{146A0353-56A2-44AF-8E12-D28159B9E18B}.Debug|Win32.ActiveCfg = Debug|Win32
		{146A0353-56A2-44AF-8E12-D28159B9E18B}.Debug|Win32.Build.0 = Debug|Win32
		{146A0353-56A2-44AF-8E12-D28159B9E18B}.Debug|x64.ActiveCfg = Debug|x64
		{146A0353-56A2-44AF-8E12-D28159B9E18B}.Debug|x64.Build.0 = Debug|x64
		{146A0353-56A2-44AF-8E12-D28159B9E18B}.Release|Win32.ActiveCfg = Release|Win32
		{146A0353-56A2-44AF-8E12-D28159B9E18B}.Release|Win32.Build.0 = Release|Win32
		{146A0353-56A2-44AF-8E12-D28159B9E18B}.Release|x64.ActiveCfg = Release|x64
		{146A0353-56A2-44AF-8E12-D28159B9E18B}.Release|x64.Build.0 = Release|x64
		{1B08C127-032A-40AD-B694-33F5C2EB46EA}.Debug|Win32.ActiveCfg = Debug|Win32
		{1B08C127-032A-40AD-B694-33F5C2EB46EA}.Debug|Win32.Build.0 = Debug|Win32
		{1B08C127-032A-40AD-B694-33F5C2EB46EA}.Debug|x64.ActiveCfg = Debug|x64
		{1B08C127-032A-40AD-B694-33F5C2EB46EA}.Debug|x64.Build.0 = Debug|x64
		{1B08C127-032A-40AD-B694-33F5C2EB46EA}.Release|Win32.ActiveCfg = Release|Win32
		{1B08C127-032A-40AD-B694-33F5C2EB46EA}.Release|Win32.Build.0 = Release|Win32
		{1B08C127-032A-40AD-B694-33F5C2EB46EA}.Release|x64.ActiveCfg = Release|x64
		{1B08C127-032A-40AD-B694-33F5C2EB46EA}.Release|x64.Build.0 = Release|x64
		{C05EF837-AD19-476F-9137-3E5CF4E68430}.Debug|Win32.ActiveCfg = Debug|Win32
		{C05EF837-AD19-476F-9137-3E5CF4E68430}.Debug|Win32.Build.0 = Debug|Win32
		{C05EF837-AD19-476F-9137-3E5CF4E68430}.Debug|x64.ActiveCfg = Debug|x64
		{C05EF837-AD19-476F-9137-3E5CF4E68430}.Debug|x64.Build.0 = Debug|x64
		{C05EF837-AD19-476F-9137-3E5CF4E68430}.Release|Win32.ActiveCfg = Release|Win32
		{C05EF837-AD19-476F-9137-3E5CF4E68430}.Release|Win32.Build.0 = Release|Win32
		{C05EF837-AD19-476F-9137-3E5CF4E68430}.Release|x64.ActiveCfg = Release|x64
		{C05EF837-AD19-476F-9137-3E5CF4E68430}.Release|x64.Build.0 = Release|x64
		{137753A8-2010-4D37-9367-EDF8BEC1603E}.Debug|Win32.ActiveCfg = Debug|Win32
		{137753A8-2010-4D37-9367-EDF8BEC1603E}.Debug|Win32.Build.0 = Debug|Win32
		{137753A8-2010-4D37-9367-EDF8BEC1603E}.Debug|x64.ActiveCfg = Debug|x64
		{137753A8-2010-4D37-9367-EDF8BEC1603E}.Debug|x64.Build.0 = Debug|x64
		{137753A8-2010-4D37-9367-EDF8BEC1603E}.Release|Win32.ActiveCfg = Release|Win32
		{137753A8-2010-4D37-9367-EDF8BEC1603E}.Release|Win32.Build.0 = Release|Win32
		{137753A8-2010-4D37-9367-EDF8BEC1603E}.Release|x64.ActiveCfg = Release|x64
		{137753A8-2010-4D37-9367-EDF8BEC1603E}.Release|x64.Build.0 = Release|x64
		{DB2BBB36-70E4-4EAB-95E3-C9269330F574}.Debug|Win32.ActiveCfg = Debug|Win32
		{DB2BBB36-70E4-4EAB-95E3-C9269330F574}.Debug|Win32.Build.0 = Debug|Win32
		{DB2BBB36-70E4-4EAB-95E3-C9269330F574}.Debug|x64.ActiveCfg = Debug|x64
		{DB2BBB36-70E4-4EAB-95E3-C9269330F574}.Debug|x64.Build.0 = Debug|x64
		{DB2BBB36-70E4-4EAB-95E3-C9269330F574}.Release|Win32.ActiveCfg = Release|Win32
		{DB2BBB36-70E4-4EAB-95E3-C9269330F574}.Release|Win32.Build.0 = Release|Win32
		{DB2BBB36-70E4-4EAB-95E3-C9269330F574}.Release|x64.ActiveCfg = Release|x64
		{DB2BBB36-70E4-4EAB-95E3-C9269330F574}.Release|x64.Build.0 = Release|x64
		{01DFBDB7-FC9E-4679-8E06-4FCFEC6B8186}.Debug|Win32.ActiveCfg = Debug|Win32
		{01DFBDB7-FC9E-4679-8E06-4FCFEC6B8186}.Debug|Win32.Build.0 = Debug|Win32
		{01DFBDB7-FC9E-4679-8E06-4FCFEC6B8186}.Debug|x64.ActiveCfg = Debug|x64
		{01DFBDB7-FC9E-4679-8E06-4FCFEC6B8186}.Debug|x64.Build.0 = Debug|x64
		{01DFBDB7-FC9E-4679-8E06-4FCFEC6B8186}.Release|Win32.ActiveCfg = Release|Win32
		{01DFBDB7-FC9E-4679-8E06-4FCFEC6B8186}.Release|Win32.Build.0 = Release|Win32
		{01DFBDB7-FC9E-4679-8E06-4FCFEC6B8186}.Release|x64.ActiveCfg = Release|x64
		{01DFBDB7-FC9E-4679-8E06-4FCFEC6B8186}.Release|x64.Build.0 = Release|x64
		{13EFEC75-EF49-4779-90AC-EF72BBB9004F}.Debug|Win32.ActiveCfg = Debug|Win32
		{13EFEC75-EF49-4779-90AC-EF72BBB9004F}.Debug|Win32.Build.0 = Debug|Win32
		{13EFEC75-EF49-4779-90AC-EF72BBB9004F}.Debug|x64.ActiveCfg = Debug|x64
		{13EFEC75-EF49-4779-90AC-EF72BBB9004F}.Debug|x64.Build.0 = Debug|x64
		{13EFEC75-EF49-4779-90AC-EF72BBB9004F}.Release|Win32.ActiveCfg = Release|Win32
		{13EFEC75-EF49-4779-90AC-EF72BBB9004F}.Release|Win32.Build.0 = Release|Win32
		{13EFEC75-EF49-4779-90AC-EF72BBB9004F}.Release|x64.ActiveCfg = Release|x64
		{13EFEC75-EF49-4779-90AC-EF72BBB9004F}.Release|x64.Build.0 = Release|x64
		{794E58D5-67C9-4722-9074-AFA63A4BF6F9}.Debug|Win32.ActiveCfg = Debug|Win32
		{794E58D5-67C9-4722-9074-AFA63A4BF6F9}.Debug|Win32.Build.0 = Debug|Win32
		{794E58D5-67C9-4722-9074-AFA63A4BF6F9}.Debug|x64.ActiveCfg = Debug|x64
		{794E58D5-67C9-4722-9074-AFA63A4BF6F9}.Debug|x64.Build.0 = Debug|x64
		{794E58D5-67C9-4722-9074-AFA63A4BF6F9}.Release|Win32.ActiveCfg = Release|Win32
		{794E58D5-67C9-4722-9074-AFA63A4BF6F9}.Release|Win32.Build.0 = Release|Win32
		{794E58D5-67C9-4722-9074-AFA63A4BF6F9}.Release|x64.ActiveCfg = Release|x64
		{794E58D5-67C9-4722-9074-AFA63A4BF6F9}.Release|x64.Build.0 = Release|x64
		{E14CCB5C-14E1-4935-8136-A0CC672C7FE3}.Debug|Win32.ActiveCfg = Debug|Win32
		{E14CCB5C-14E1-4935-8136-A0CC672C7FE3}.Debug|Win32.Build.0 = Debug|Win32
		{E14CCB5C-14E1-4935-8136-A0CC672C7FE3}.Debug|x64.ActiveCfg = Debug|x64
		{E14CCB5C-14E1-4935-8136-A0CC672C7FE3}.Debug|x64.Build.0 = Debug|x64
		{E14CCB5C-14E1-4935-8136-A0CC672C7FE3}.Release|Win32.ActiveCfg = Release|Win32
		{E14CCB5C-14E1-4935-8136-A0CC672C7FE3}.Release|Win32.Build.0 = Release|Win32
		{E14CCB5C-14E1-4935-8136-A0CC672C7FE3}.Release|x64.ActiveCfg = Release|x64
		{E14CCB5C-14E1-4935-8136-A0CC672C7FE3}.Release|x64.Build.0 = Release|x64
		{330A70D9-912A-4C5C-B64A-C471A3E9EA39}.Debug|Win32.ActiveCfg = Debug|Win32
		{330A70D9-912A-4C5C-B64A-C471A3E9EA39}.Debug|Win32.Build.0 = Debug|Win32
		{330A70D9-912A-4C5C-B64A-C471A3E9EA39}.Debug|x64.ActiveCfg = Debug|x64
		{330A70D9-912A-4C5C-B64A-C471A3E9EA39}.Debug|x64.Build.0 = Debug|x64
		{330A70D9-912A-4C5C-B64A-C471A3E9EA39}.Release|Win32.ActiveCfg = Release|Win32
		{330A70D9-912A-4C5C-B64A-C471A3E9EA39}.Release|Win32.Build.0 = Release|Win32
		{330A70D9-912A-4C5C-B64A-C471A3E9EA39}.Release|x64.ActiveCfg = Release|x64
		{330A70D9-912A-4C5C-B64A-C471A3E9EA39}.Release|x64.Build.0 = Release|x64
		{8B1D9697-880D-4F06-9AAE-7CF5B53D5702}.Debug|Win32.ActiveCfg = Debug|Win32
		{8B1D9697-880D-4F06-9AAE-7CF5B53D5702}.Debug|Win32.Build.0 = Debug|Win32
		{8B1D9697-880D-4F06-9AAE-7CF5B53D5702}.Debug|x64.ActiveCfg = Debug|x64
		{8B1D9697-880D-4F06-9AAE-7CF5B53D5702}.Debug|x64.Build.0 = Debug|x64
		{8B1D9697-880D-4F06-9AAE-7CF5B53D5702}.Release|Win32.ActiveCfg = Release|Win32
		{8B1D9697-880D-4F06-9AAE-7CF5B53D5702}.Release|Win32.Build.0 = Release|Win32
		{8B1D9697-880D-4F06-9AAE-7CF5B53D5702}.Release|x64.ActiveCfg = Release|x64
		{8B1D9697-880D-4F06-9AAE-7CF5B53D5702}.Release|x64.Build.0 = Release|x64
		{E5CFB575-C939-4B7A-8922-F76E66DA39EF}.Debug|Win32.ActiveCfg = Debug|Win32
		{E5CFB575-C939-4B7A-8922-F76E66DA39EF}.Debug|Win32.Build.0 = Debug|Win32
		{E5CFB575-C939-4B7A-8922-F76E66DA39EF}.Debug|x64.ActiveCfg = Debug|x64
		{E5CFB575-C939-4B7A-8922-F76E66DA39EF}.Debug|x64.Build.0 = Debug|x64
		{E5CFB575-C939-4B7A-8922-F76E66DA39EF}.Release|Win32.ActiveCfg = Release|Win32
		{E5CFB575-C939-4B7A-8922-F76E66DA39EF}.Release|Win32.Build.0 = Release|Win32
		{E5CFB575-C939-4B7A-8922-F76E66DA39EF}.Release|x64.ActiveCfg = Release|x64
		{E5CFB575-C939-4B7A-8922-F76E66DA39EF}.Release|x64.Build.0 = Release|x64
		{0A0C979A-877E-4D2D-BCDF-0C701B51E412}.Debug|Win32.ActiveCfg = Debug|Win32
		{0A0C979A-877E-4D2D-BCDF-0C701B51E412}.Debug|Win32.Build.0 = Debug|Win32
		{0A0C979A-877E-4D2D-BCDF-0C701B51E412}.Debug|x64.ActiveCfg = Debug|x64
		{0A0C979A-877E-4D2D-BCDF-0C701B51E412}.Debug|x64.Build.0 = Debug|x64
		{0A0C979A-877E-4D2D-BCDF-0C701B51E412}.Release|Win32.ActiveCfg = Release|Win32
		{0A0C979A-877E-4D2D-BCDF-0C701B51E412}.Release|Win32.Build.0 = Release|Win32
		{0A0C979A-877E-4D2D-BCDF-0C701B51E412}.Release|x64.ActiveCfg = Release|x64
		{0A0C979A-877E-4D2D-BCDF-0C701B51E412}.Release|x64.Build.0 = Release|x64
	EndGlobalSection
	GlobalSection(SolutionProperties) = preSolution
		HideSolutionNode = FALSE
	EndGlobalSection
	GlobalSection(NestedProjects) = preSolution
		{790BBA5D-661D-427E-95AC-CCBD96BDA4C6} = {B230C5B0-A586-4186-9E40-EBEFF45EF94C}
		{0D0BB9E9-F59D-4F9E-99C6-7BE726417301} = {B230C5B0-A586-4186-9E40-EBEFF45EF94C}
		{FBCE3157-2BCE-4CDC-98D4-25F7C7BBC0A3} = {B230C5B0-A586-4186-9E40-EBEFF45EF94C}
		{A05726A3-638C-4D44-9718-C16C98832961} = {B230C5B0-A586-4186-9E40-EBEFF45EF94C}
		{BB10571D-42F4-4D6A-BCB5-2668E27CC83F} = {B230C5B0-A586-4186-9E40-EBEFF45EF94C}
		{89660CAD-4470-4267-8258-47E2A616AA90} = {B230C5B0-A586-4186-9E40-EBEFF45EF94C}
		{F01256FC-4D0A-417B-BD7B-04BBCDFA94BC} = {B230C5B0-A586-4186-9E40-EBEFF45EF94C}
		{BC8698DA-67BE-419E-B323-E25219673E8D} = {634151E7-7AE5-47E0-9461-9ED293F6D17F}
		{8589413E-03F8-411B-B907-978EF86AD81A} = {634151E7-7AE5-47E0-9461-9ED293F6D17F}
		{579A9DC4-B120-4EEF-9520-9EB64B498985} = {634151E7-7AE5-47E0-9461-9ED293F6D17F}
		{D0B15A28-38F8-4AFD-89E4-E0D7E8D0C582} = {634151E7-7AE5-47E0-9461-9ED293F6D17F}
		{0644440B-EA8A-4338-9178-E7EF66F40D65} = {634151E7-7AE5-47E0-9461-9ED293F6D17F}
		{6097997C-4DCE-4FB8-B131-A5342F70D9BD} = {634151E7-7AE5-47E0-9461-9ED293F6D17F}
		{146A0353-56A2-44AF-8E12-D28159B9E18B} = {634151E7-7AE5-47E0-9461-9ED293F6D17F}
		{1B08C127-032A-40AD-B694-33F5C2EB46EA} = {634151E7-7AE5-47E0-9461-9ED293F6D17F}
		{C05EF837-AD19-476F-9137-3E5CF4E68430} = {634151E7-7AE5-47E0-9461-9ED293F6D17F}
		{137753A8-2010-4D37-9367-EDF8BEC1603E} = {634151E7-7AE5-47E0-9461-9ED293F6D17F}
		{DB2BBB36-70E4-4EAB-95E3-C9269330F574} = {634151E7-7AE5-47E0-9461-9ED293F6D17F}
		{01DFBDB7-FC9E-4679-8E06-4FCFEC6B8186} = {634151E7-7AE5-47E0-9461-9ED293F6D17F}
		{13EFEC75-EF49-4779-90AC-EF72BBB9004F} = {B230C5B0-A586-4186-9E40-EBEFF45EF94C}
		{794E58D5-67C9-4722-9074-AFA63A4BF6F9} = {B230C5B0-A586-4186-9E40-EBEFF45EF94C}
		{8B1D9697-880D-4F06-9AAE-7CF5B53D5702} = {B230C5B0-A586-4186-9E40-EBEFF45EF94C}
	EndGlobalSection
	GlobalSection(ExtensibilityGlobals) = postSolution
		SolutionGuid = {F9E7EFC9-4AE7-4DAC-975B-02C1966B2C60}
	EndGlobalSection
EndGlobal
